// !$*UTF8*$!
{
	archiveVersion = 1;
	classes = {
	};
	objectVersion = 46;
	objects = {

/* Begin PBXBuildFile section */
		6500502F1C6F81E100EBA4DF /* BrowserViewController.m in Sources */ = {isa = PBXBuildFile; fileRef = 6500502E1C6F81E100EBA4DF /* BrowserViewController.m */; };
		651392C21C19399F0032FAD1 /* UIView+Extension.m in Sources */ = {isa = PBXBuildFile; fileRef = 651392C11C19399F0032FAD1 /* UIView+Extension.m */; };
		651392C71C1941740032FAD1 /* GradientView.m in Sources */ = {isa = PBXBuildFile; fileRef = 651392C61C1941740032FAD1 /* GradientView.m */; };
		651392CB1C1964A30032FAD1 /* SWRevealViewController.m in Sources */ = {isa = PBXBuildFile; fileRef = 651392CA1C1964A30032FAD1 /* SWRevealViewController.m */; };
		651392D21C1973D50032FAD1 /* UINavigationBar+Awesome.m in Sources */ = {isa = PBXBuildFile; fileRef = 651392D11C1973D50032FAD1 /* UINavigationBar+Awesome.m */; };
		651392D61C1AA4FE0032FAD1 /* ParallaxHeaderView.m in Sources */ = {isa = PBXBuildFile; fileRef = 651392D51C1AA4FE0032FAD1 /* ParallaxHeaderView.m */; };
		651392D91C1AA52C0032FAD1 /* myUILabel.m in Sources */ = {isa = PBXBuildFile; fileRef = 651392D81C1AA52C0032FAD1 /* myUILabel.m */; };
		651392DC1C1AA5660032FAD1 /* UIImage+ImageEffects.m in Sources */ = {isa = PBXBuildFile; fileRef = 651392DB1C1AA5660032FAD1 /* UIImage+ImageEffects.m */; };
		6518AFE41C6B780C0083248F /* EditorMoedel.m in Sources */ = {isa = PBXBuildFile; fileRef = 6518AFD81C6B780C0083248F /* EditorMoedel.m */; };
		6518AFE51C6B780C0083248F /* ThemeNewsModel.m in Sources */ = {isa = PBXBuildFile; fileRef = 6518AFDA1C6B780C0083248F /* ThemeNewsModel.m */; };
		6518AFE61C6B780C0083248F /* ThemeNewsTool.m in Sources */ = {isa = PBXBuildFile; fileRef = 6518AFDD1C6B780C0083248F /* ThemeNewsTool.m */; };
		6518AFE91C6B780C0083248F /* TopImageView.m in Sources */ = {isa = PBXBuildFile; fileRef = 6518AFE31C6B780C0083248F /* TopImageView.m */; };
		6518AFEC1C6B78380083248F /* ThemeViewController.m in Sources */ = {isa = PBXBuildFile; fileRef = 6518AFEB1C6B78380083248F /* ThemeViewController.m */; };
		6518AFEF1C6B87E10083248F /* Theme.m in Sources */ = {isa = PBXBuildFile; fileRef = 6518AFEE1C6B87E10083248F /* Theme.m */; };
		6518AFF41C6B90C40083248F /* ThemeTool.m in Sources */ = {isa = PBXBuildFile; fileRef = 6518AFF31C6B90C40083248F /* ThemeTool.m */; };
		6518AFFB1C6CB47B0083248F /* ThemeCell.m in Sources */ = {isa = PBXBuildFile; fileRef = 6518AFF91C6CB47B0083248F /* ThemeCell.m */; };
		6518AFFC1C6CB47B0083248F /* ThemeCell.xib in Resources */ = {isa = PBXBuildFile; fileRef = 6518AFFA1C6CB47B0083248F /* ThemeCell.xib */; };
		6518AFFF1C6CB6DD0083248F /* ThemeData.m in Sources */ = {isa = PBXBuildFile; fileRef = 6518AFFE1C6CB6DD0083248F /* ThemeData.m */; };
		6518B0021C6D62E50083248F /* EditoCell.m in Sources */ = {isa = PBXBuildFile; fileRef = 6518B0011C6D62E50083248F /* EditoCell.m */; };
		651E8F6E1C6E3D9100D1BFFE /* EditorInfoViewController.m in Sources */ = {isa = PBXBuildFile; fileRef = 651E8F6D1C6E3D9100D1BFFE /* EditorInfoViewController.m */; };
		651E8F721C6EDD5200D1BFFE /* EditorInfoCell.m in Sources */ = {isa = PBXBuildFile; fileRef = 651E8F701C6EDD5200D1BFFE /* EditorInfoCell.m */; };
		651E8F731C6EDD5200D1BFFE /* EditorInfoCell.xib in Resources */ = {isa = PBXBuildFile; fileRef = 651E8F711C6EDD5200D1BFFE /* EditorInfoCell.xib */; };
		652597001C1805CC006B2A91 /* MSWeakTimer.m in Sources */ = {isa = PBXBuildFile; fileRef = 652596FF1C1805CC006B2A91 /* MSWeakTimer.m */; };
		652597041C1805F7006B2A91 /* JSAnimatedImagesView.m in Sources */ = {isa = PBXBuildFile; fileRef = 652597031C1805F7006B2A91 /* JSAnimatedImagesView.m */; };
		6525970A1C180724006B2A91 /* LanuchViewController.m in Sources */ = {isa = PBXBuildFile; fileRef = 652597091C180724006B2A91 /* LanuchViewController.m */; };
		653EE1A71C60DD45000169F2 /* RefreshView.m in Sources */ = {isa = PBXBuildFile; fileRef = 653EE1A61C60DD45000169F2 /* RefreshView.m */; };
		653EE1AF1C61E25E000169F2 /* ContainerController.m in Sources */ = {isa = PBXBuildFile; fileRef = 653EE1AE1C61E25E000169F2 /* ContainerController.m */; };
		653EE1B21C61E393000169F2 /* ToolsTabbar.m in Sources */ = {isa = PBXBuildFile; fileRef = 653EE1B11C61E393000169F2 /* ToolsTabbar.m */; };
		653EE1B51C61E68C000169F2 /* DetailStoryModel.m in Sources */ = {isa = PBXBuildFile; fileRef = 653EE1B41C61E68C000169F2 /* DetailStoryModel.m */; };
		653EE1B81C61E6C5000169F2 /* StoryTabbarData.m in Sources */ = {isa = PBXBuildFile; fileRef = 653EE1B71C61E6C5000169F2 /* StoryTabbarData.m */; };
		653EE1BB1C61EBD0000169F2 /* DetailViewTool.m in Sources */ = {isa = PBXBuildFile; fileRef = 653EE1BA1C61EBD0000169F2 /* DetailViewTool.m */; };
		653EE1D11C623002000169F2 /* DetailViewController.m in Sources */ = {isa = PBXBuildFile; fileRef = 653EE1D01C623002000169F2 /* DetailViewController.m */; };
		653EE1D41C6231B6000169F2 /* DetailHeaderView.m in Sources */ = {isa = PBXBuildFile; fileRef = 653EE1D31C6231B6000169F2 /* DetailHeaderView.m */; };
		653EE1D71C626CCE000169F2 /* DetailFooterView.m in Sources */ = {isa = PBXBuildFile; fileRef = 653EE1D61C626CCE000169F2 /* DetailFooterView.m */; };
		653EE1DA1C632AFC000169F2 /* TopView.m in Sources */ = {isa = PBXBuildFile; fileRef = 653EE1D91C632AFC000169F2 /* TopView.m */; };
		653EE1DC1C632B12000169F2 /* TopView.xib in Resources */ = {isa = PBXBuildFile; fileRef = 653EE1DB1C632B12000169F2 /* TopView.xib */; };
		6541408E1C6A3F57007EEE0A /* UIViewController+Extension.m in Sources */ = {isa = PBXBuildFile; fileRef = 6541408D1C6A3F57007EEE0A /* UIViewController+Extension.m */; };
		6568782B1C2AB5BC003684F1 /* TopStoriesModel.m in Sources */ = {isa = PBXBuildFile; fileRef = 6568782A1C2AB5BC003684F1 /* TopStoriesModel.m */; };
		6568782E1C2F9749003684F1 /* StoriesModel.m in Sources */ = {isa = PBXBuildFile; fileRef = 6568782D1C2F9749003684F1 /* StoriesModel.m */; };
		656878371C2FAE19003684F1 /* TableContentViewCell.m in Sources */ = {isa = PBXBuildFile; fileRef = 656878361C2FAE19003684F1 /* TableContentViewCell.m */; };
		656878401C2FD4E9003684F1 /* NSString+Date.m in Sources */ = {isa = PBXBuildFile; fileRef = 6568783F1C2FD4E9003684F1 /* NSString+Date.m */; };
		656878421C313435003684F1 /* TableContentViewCell.xib in Resources */ = {isa = PBXBuildFile; fileRef = 656878411C313435003684F1 /* TableContentViewCell.xib */; };
		6568786B1C392566003684F1 /* PageViewController.m in Sources */ = {isa = PBXBuildFile; fileRef = 6568786A1C392566003684F1 /* PageViewController.m */; };
		656878721C394799003684F1 /* StoryModelTool.m in Sources */ = {isa = PBXBuildFile; fileRef = 656878711C394799003684F1 /* StoryModelTool.m */; };
		656878751C394B33003684F1 /* HttpTool.m in Sources */ = {isa = PBXBuildFile; fileRef = 656878741C394B33003684F1 /* HttpTool.m */; };
		656878781C394E78003684F1 /* SectionModel.m in Sources */ = {isa = PBXBuildFile; fileRef = 656878771C394E78003684F1 /* SectionModel.m */; };
		656DB2381C17F8F900155183 /* main.m in Sources */ = {isa = PBXBuildFile; fileRef = 656DB2371C17F8F900155183 /* main.m */; };
		656DB23B1C17F8F900155183 /* AppDelegate.m in Sources */ = {isa = PBXBuildFile; fileRef = 656DB23A1C17F8F900155183 /* AppDelegate.m */; };
		656DB2411C17F8F900155183 /* Main.storyboard in Resources */ = {isa = PBXBuildFile; fileRef = 656DB23F1C17F8F900155183 /* Main.storyboard */; };
		656DB2431C17F8F900155183 /* Assets.xcassets in Resources */ = {isa = PBXBuildFile; fileRef = 656DB2421C17F8F900155183 /* Assets.xcassets */; };
		656DB2461C17F8F900155183 /* LaunchScreen.storyboard in Resources */ = {isa = PBXBuildFile; fileRef = 656DB2441C17F8F900155183 /* LaunchScreen.storyboard */; };
		65880E891C4104B40048C1CC /* HeaderView.m in Sources */ = {isa = PBXBuildFile; fileRef = 65880E881C4104B40048C1CC /* HeaderView.m */; };
		658EA4581C5F4A6400E4726A /* DataSource.m in Sources */ = {isa = PBXBuildFile; fileRef = 658EA4571C5F4A6400E4726A /* DataSource.m */; };
		658FD4B31C6F8EB800971A8F /* WebImgScrollView.m in Sources */ = {isa = PBXBuildFile; fileRef = 658FD4B21C6F8EB800971A8F /* WebImgScrollView.m */; };
		658FD4F01C705F1400971A8F /* SVProgressHUD.bundle in Resources */ = {isa = PBXBuildFile; fileRef = 658FD4EF1C705F1400971A8F /* SVProgressHUD.bundle */; };
		65BD0DAE1C6EF15E007DF4CB /* LeftMenuViewController.m in Sources */ = {isa = PBXBuildFile; fileRef = 65BD0DAD1C6EF15E007DF4CB /* LeftMenuViewController.m */; };
		65BD0DB11C6EF6D7007DF4CB /* HomeCell.m in Sources */ = {isa = PBXBuildFile; fileRef = 65BD0DB01C6EF6D7007DF4CB /* HomeCell.m */; };
		65BD0DB41C6EF9FE007DF4CB /* ContentCell.m in Sources */ = {isa = PBXBuildFile; fileRef = 65BD0DB31C6EF9FE007DF4CB /* ContentCell.m */; };
		65BD0E9A1C6F49E2007DF4CB /* libSocialSinaSSO.a in Frameworks */ = {isa = PBXBuildFile; fileRef = 65BD0E801C6F49E2007DF4CB /* libSocialSinaSSO.a */; };
		65BD0E9B1C6F49E2007DF4CB /* libWeiboSDK.a in Frameworks */ = {isa = PBXBuildFile; fileRef = 65BD0E811C6F49E2007DF4CB /* libWeiboSDK.a */; };
		65BD0E9C1C6F49E2007DF4CB /* WeiboSDK.bundle in Resources */ = {isa = PBXBuildFile; fileRef = 65BD0E8B1C6F49E2007DF4CB /* WeiboSDK.bundle */; };
		65BD0E9D1C6F49E2007DF4CB /* libSocialQQ.a in Frameworks */ = {isa = PBXBuildFile; fileRef = 65BD0E8F1C6F49E2007DF4CB /* libSocialQQ.a */; };
		65BD0E9E1C6F49E2007DF4CB /* TencentOpenAPI.framework in Frameworks */ = {isa = PBXBuildFile; fileRef = 65BD0E901C6F49E2007DF4CB /* TencentOpenAPI.framework */; };
		65BD0E9F1C6F49E2007DF4CB /* TencentOpenApi_IOS_Bundle.bundle in Resources */ = {isa = PBXBuildFile; fileRef = 65BD0E911C6F49E2007DF4CB /* TencentOpenApi_IOS_Bundle.bundle */; };
		65BD0EA01C6F49E2007DF4CB /* libSocialWechat.a in Frameworks */ = {isa = PBXBuildFile; fileRef = 65BD0E941C6F49E2007DF4CB /* libSocialWechat.a */; };
		65BD0EA11C6F49E3007DF4CB /* libWeChatSDK.a in Frameworks */ = {isa = PBXBuildFile; fileRef = 65BD0E951C6F49E2007DF4CB /* libWeChatSDK.a */; };
		65BD0EA21C6F4AEF007DF4CB /* Security.framework in Frameworks */ = {isa = PBXBuildFile; fileRef = 65BD0E011C6F1A59007DF4CB /* Security.framework */; };
		65BD0EA31C6F4B01007DF4CB /* libiconv.tbd in Frameworks */ = {isa = PBXBuildFile; fileRef = 65BD0E031C6F1A84007DF4CB /* libiconv.tbd */; };
		65BD0EA41C6F4B0F007DF4CB /* SystemConfiguration.framework in Frameworks */ = {isa = PBXBuildFile; fileRef = 65BD0DFF1C6F199A007DF4CB /* SystemConfiguration.framework */; };
		65BD0EA51C6F4B19007DF4CB /* CoreGraphics.framework in Frameworks */ = {isa = PBXBuildFile; fileRef = 65BD0E051C6F1A90007DF4CB /* CoreGraphics.framework */; };
		65BD0EA61C6F4B26007DF4CB /* libsqlite3.tbd in Frameworks */ = {isa = PBXBuildFile; fileRef = 65BD0E071C6F1AA1007DF4CB /* libsqlite3.tbd */; };
		65BD0EA71C6F4B30007DF4CB /* CoreTelephony.framework in Frameworks */ = {isa = PBXBuildFile; fileRef = 65BD0E091C6F1AAB007DF4CB /* CoreTelephony.framework */; };
		65BD0EA81C6F4B3D007DF4CB /* libstdc++.tbd in Frameworks */ = {isa = PBXBuildFile; fileRef = 65BD0E0B1C6F1AC0007DF4CB /* libstdc++.tbd */; };
		65BD0EA91C6F4B46007DF4CB /* libz.tbd in Frameworks */ = {isa = PBXBuildFile; fileRef = 65BD0E0D1C6F1ACB007DF4CB /* libz.tbd */; };
		65E785761C70786900761C29 /* NSMutableArray+Extension.m in Sources */ = {isa = PBXBuildFile; fileRef = 65E785751C70786900761C29 /* NSMutableArray+Extension.m */; };
		D38C22BC93834DFC2DA998AB /* libPods.a in Frameworks */ = {isa = PBXBuildFile; fileRef = 5F072E6936C5541AFF862D10 /* libPods.a */; };
/* End PBXBuildFile section */

/* Begin PBXFileReference section */
		0F8283F5937A732919D95E7F /* Pods.release.xcconfig */ = {isa = PBXFileReference; includeInIndex = 1; lastKnownFileType = text.xcconfig; name = Pods.release.xcconfig; path = "Pods/Target Support Files/Pods/Pods.release.xcconfig"; sourceTree = "<group>"; };
		0F9ED29E0116517909E46F6C /* Pods.debug.xcconfig */ = {isa = PBXFileReference; includeInIndex = 1; lastKnownFileType = text.xcconfig; name = Pods.debug.xcconfig; path = "Pods/Target Support Files/Pods/Pods.debug.xcconfig"; sourceTree = "<group>"; };
		5F072E6936C5541AFF862D10 /* libPods.a */ = {isa = PBXFileReference; explicitFileType = archive.ar; includeInIndex = 0; path = libPods.a; sourceTree = BUILT_PRODUCTS_DIR; };
		6500502D1C6F81E100EBA4DF /* BrowserViewController.h */ = {isa = PBXFileReference; fileEncoding = 4; lastKnownFileType = sourcecode.c.h; path = BrowserViewController.h; sourceTree = "<group>"; };
		6500502E1C6F81E100EBA4DF /* BrowserViewController.m */ = {isa = PBXFileReference; fileEncoding = 4; lastKnownFileType = sourcecode.c.objc; path = BrowserViewController.m; sourceTree = "<group>"; };
		651392C01C19399F0032FAD1 /* UIView+Extension.h */ = {isa = PBXFileReference; fileEncoding = 4; lastKnownFileType = sourcecode.c.h; path = "UIView+Extension.h"; sourceTree = "<group>"; };
		651392C11C19399F0032FAD1 /* UIView+Extension.m */ = {isa = PBXFileReference; fileEncoding = 4; lastKnownFileType = sourcecode.c.objc; path = "UIView+Extension.m"; sourceTree = "<group>"; };
		651392C31C193A230032FAD1 /* PrefixHeader.pch */ = {isa = PBXFileReference; lastKnownFileType = sourcecode.c.h; path = PrefixHeader.pch; sourceTree = "<group>"; };
		651392C51C1941740032FAD1 /* GradientView.h */ = {isa = PBXFileReference; fileEncoding = 4; lastKnownFileType = sourcecode.c.h; path = GradientView.h; sourceTree = "<group>"; };
		651392C61C1941740032FAD1 /* GradientView.m */ = {isa = PBXFileReference; fileEncoding = 4; lastKnownFileType = sourcecode.c.objc; path = GradientView.m; sourceTree = "<group>"; };
		651392C91C1964A30032FAD1 /* SWRevealViewController.h */ = {isa = PBXFileReference; fileEncoding = 4; lastKnownFileType = sourcecode.c.h; path = SWRevealViewController.h; sourceTree = "<group>"; };
		651392CA1C1964A30032FAD1 /* SWRevealViewController.m */ = {isa = PBXFileReference; fileEncoding = 4; lastKnownFileType = sourcecode.c.objc; path = SWRevealViewController.m; sourceTree = "<group>"; };
		651392D01C1973D50032FAD1 /* UINavigationBar+Awesome.h */ = {isa = PBXFileReference; fileEncoding = 4; lastKnownFileType = sourcecode.c.h; path = "UINavigationBar+Awesome.h"; sourceTree = "<group>"; };
		651392D11C1973D50032FAD1 /* UINavigationBar+Awesome.m */ = {isa = PBXFileReference; fileEncoding = 4; lastKnownFileType = sourcecode.c.objc; path = "UINavigationBar+Awesome.m"; sourceTree = "<group>"; };
		651392D41C1AA4FE0032FAD1 /* ParallaxHeaderView.h */ = {isa = PBXFileReference; fileEncoding = 4; lastKnownFileType = sourcecode.c.h; path = ParallaxHeaderView.h; sourceTree = "<group>"; };
		651392D51C1AA4FE0032FAD1 /* ParallaxHeaderView.m */ = {isa = PBXFileReference; fileEncoding = 4; lastKnownFileType = sourcecode.c.objc; path = ParallaxHeaderView.m; sourceTree = "<group>"; };
		651392D71C1AA52C0032FAD1 /* myUILabel.h */ = {isa = PBXFileReference; fileEncoding = 4; lastKnownFileType = sourcecode.c.h; path = myUILabel.h; sourceTree = "<group>"; };
		651392D81C1AA52C0032FAD1 /* myUILabel.m */ = {isa = PBXFileReference; fileEncoding = 4; lastKnownFileType = sourcecode.c.objc; path = myUILabel.m; sourceTree = "<group>"; };
		651392DA1C1AA5660032FAD1 /* UIImage+ImageEffects.h */ = {isa = PBXFileReference; fileEncoding = 4; lastKnownFileType = sourcecode.c.h; path = "UIImage+ImageEffects.h"; sourceTree = "<group>"; };
		651392DB1C1AA5660032FAD1 /* UIImage+ImageEffects.m */ = {isa = PBXFileReference; fileEncoding = 4; lastKnownFileType = sourcecode.c.objc; path = "UIImage+ImageEffects.m"; sourceTree = "<group>"; };
		6518AFD71C6B780C0083248F /* EditorMoedel.h */ = {isa = PBXFileReference; fileEncoding = 4; lastKnownFileType = sourcecode.c.h; path = EditorMoedel.h; sourceTree = "<group>"; };
		6518AFD81C6B780C0083248F /* EditorMoedel.m */ = {isa = PBXFileReference; fileEncoding = 4; lastKnownFileType = sourcecode.c.objc; path = EditorMoedel.m; sourceTree = "<group>"; };
		6518AFD91C6B780C0083248F /* ThemeNewsModel.h */ = {isa = PBXFileReference; fileEncoding = 4; lastKnownFileType = sourcecode.c.h; path = ThemeNewsModel.h; sourceTree = "<group>"; };
		6518AFDA1C6B780C0083248F /* ThemeNewsModel.m */ = {isa = PBXFileReference; fileEncoding = 4; lastKnownFileType = sourcecode.c.objc; path = ThemeNewsModel.m; sourceTree = "<group>"; };
		6518AFDC1C6B780C0083248F /* ThemeNewsTool.h */ = {isa = PBXFileReference; fileEncoding = 4; lastKnownFileType = sourcecode.c.h; path = ThemeNewsTool.h; sourceTree = "<group>"; };
		6518AFDD1C6B780C0083248F /* ThemeNewsTool.m */ = {isa = PBXFileReference; fileEncoding = 4; lastKnownFileType = sourcecode.c.objc; path = ThemeNewsTool.m; sourceTree = "<group>"; };
		6518AFE21C6B780C0083248F /* TopImageView.h */ = {isa = PBXFileReference; fileEncoding = 4; lastKnownFileType = sourcecode.c.h; path = TopImageView.h; sourceTree = "<group>"; };
		6518AFE31C6B780C0083248F /* TopImageView.m */ = {isa = PBXFileReference; fileEncoding = 4; lastKnownFileType = sourcecode.c.objc; path = TopImageView.m; sourceTree = "<group>"; };
		6518AFEA1C6B78380083248F /* ThemeViewController.h */ = {isa = PBXFileReference; fileEncoding = 4; lastKnownFileType = sourcecode.c.h; path = ThemeViewController.h; sourceTree = "<group>"; };
		6518AFEB1C6B78380083248F /* ThemeViewController.m */ = {isa = PBXFileReference; fileEncoding = 4; lastKnownFileType = sourcecode.c.objc; path = ThemeViewController.m; sourceTree = "<group>"; };
		6518AFED1C6B87E10083248F /* Theme.h */ = {isa = PBXFileReference; fileEncoding = 4; lastKnownFileType = sourcecode.c.h; name = Theme.h; path = ../../../../ThemePage/Model/Theme.h; sourceTree = "<group>"; };
		6518AFEE1C6B87E10083248F /* Theme.m */ = {isa = PBXFileReference; fileEncoding = 4; lastKnownFileType = sourcecode.c.objc; name = Theme.m; path = ../../../../ThemePage/Model/Theme.m; sourceTree = "<group>"; };
		6518AFF21C6B90C40083248F /* ThemeTool.h */ = {isa = PBXFileReference; fileEncoding = 4; lastKnownFileType = sourcecode.c.h; path = ThemeTool.h; sourceTree = "<group>"; };
		6518AFF31C6B90C40083248F /* ThemeTool.m */ = {isa = PBXFileReference; fileEncoding = 4; lastKnownFileType = sourcecode.c.objc; path = ThemeTool.m; sourceTree = "<group>"; };
		6518AFF81C6CB47B0083248F /* ThemeCell.h */ = {isa = PBXFileReference; fileEncoding = 4; lastKnownFileType = sourcecode.c.h; path = ThemeCell.h; sourceTree = "<group>"; };
		6518AFF91C6CB47B0083248F /* ThemeCell.m */ = {isa = PBXFileReference; fileEncoding = 4; lastKnownFileType = sourcecode.c.objc; path = ThemeCell.m; sourceTree = "<group>"; };
		6518AFFA1C6CB47B0083248F /* ThemeCell.xib */ = {isa = PBXFileReference; fileEncoding = 4; lastKnownFileType = file.xib; path = ThemeCell.xib; sourceTree = "<group>"; };
		6518AFFD1C6CB6DD0083248F /* ThemeData.h */ = {isa = PBXFileReference; fileEncoding = 4; lastKnownFileType = sourcecode.c.h; name = ThemeData.h; path = ../Model/ThemeData.h; sourceTree = "<group>"; };
		6518AFFE1C6CB6DD0083248F /* ThemeData.m */ = {isa = PBXFileReference; fileEncoding = 4; lastKnownFileType = sourcecode.c.objc; name = ThemeData.m; path = ../Model/ThemeData.m; sourceTree = "<group>"; };
		6518B0001C6D62E50083248F /* EditoCell.h */ = {isa = PBXFileReference; fileEncoding = 4; lastKnownFileType = sourcecode.c.h; path = EditoCell.h; sourceTree = "<group>"; };
		6518B0011C6D62E50083248F /* EditoCell.m */ = {isa = PBXFileReference; fileEncoding = 4; lastKnownFileType = sourcecode.c.objc; path = EditoCell.m; sourceTree = "<group>"; };
		651E8F6C1C6E3D9100D1BFFE /* EditorInfoViewController.h */ = {isa = PBXFileReference; fileEncoding = 4; lastKnownFileType = sourcecode.c.h; path = EditorInfoViewController.h; sourceTree = "<group>"; };
		651E8F6D1C6E3D9100D1BFFE /* EditorInfoViewController.m */ = {isa = PBXFileReference; fileEncoding = 4; lastKnownFileType = sourcecode.c.objc; path = EditorInfoViewController.m; sourceTree = "<group>"; };
		651E8F6F1C6EDD5200D1BFFE /* EditorInfoCell.h */ = {isa = PBXFileReference; fileEncoding = 4; lastKnownFileType = sourcecode.c.h; path = EditorInfoCell.h; sourceTree = "<group>"; };
		651E8F701C6EDD5200D1BFFE /* EditorInfoCell.m */ = {isa = PBXFileReference; fileEncoding = 4; lastKnownFileType = sourcecode.c.objc; path = EditorInfoCell.m; sourceTree = "<group>"; };
		651E8F711C6EDD5200D1BFFE /* EditorInfoCell.xib */ = {isa = PBXFileReference; fileEncoding = 4; lastKnownFileType = file.xib; path = EditorInfoCell.xib; sourceTree = "<group>"; };
		652596FE1C1805CC006B2A91 /* MSWeakTimer.h */ = {isa = PBXFileReference; fileEncoding = 4; lastKnownFileType = sourcecode.c.h; path = MSWeakTimer.h; sourceTree = "<group>"; };
		652596FF1C1805CC006B2A91 /* MSWeakTimer.m */ = {isa = PBXFileReference; fileEncoding = 4; lastKnownFileType = sourcecode.c.objc; path = MSWeakTimer.m; sourceTree = "<group>"; };
		652597021C1805F7006B2A91 /* JSAnimatedImagesView.h */ = {isa = PBXFileReference; fileEncoding = 4; lastKnownFileType = sourcecode.c.h; path = JSAnimatedImagesView.h; sourceTree = "<group>"; };
		652597031C1805F7006B2A91 /* JSAnimatedImagesView.m */ = {isa = PBXFileReference; fileEncoding = 4; lastKnownFileType = sourcecode.c.objc; path = JSAnimatedImagesView.m; sourceTree = "<group>"; };
		652597081C180724006B2A91 /* LanuchViewController.h */ = {isa = PBXFileReference; fileEncoding = 4; lastKnownFileType = sourcecode.c.h; path = LanuchViewController.h; sourceTree = "<group>"; };
		652597091C180724006B2A91 /* LanuchViewController.m */ = {isa = PBXFileReference; fileEncoding = 4; lastKnownFileType = sourcecode.c.objc; path = LanuchViewController.m; sourceTree = "<group>"; };
		653EE1A51C60DD45000169F2 /* RefreshView.h */ = {isa = PBXFileReference; fileEncoding = 4; lastKnownFileType = sourcecode.c.h; path = RefreshView.h; sourceTree = "<group>"; };
		653EE1A61C60DD45000169F2 /* RefreshView.m */ = {isa = PBXFileReference; fileEncoding = 4; lastKnownFileType = sourcecode.c.objc; path = RefreshView.m; sourceTree = "<group>"; };
		653EE1AD1C61E25E000169F2 /* ContainerController.h */ = {isa = PBXFileReference; fileEncoding = 4; lastKnownFileType = sourcecode.c.h; path = ContainerController.h; sourceTree = "<group>"; };
		653EE1AE1C61E25E000169F2 /* ContainerController.m */ = {isa = PBXFileReference; fileEncoding = 4; lastKnownFileType = sourcecode.c.objc; path = ContainerController.m; sourceTree = "<group>"; };
		653EE1B01C61E393000169F2 /* ToolsTabbar.h */ = {isa = PBXFileReference; fileEncoding = 4; lastKnownFileType = sourcecode.c.h; path = ToolsTabbar.h; sourceTree = "<group>"; };
		653EE1B11C61E393000169F2 /* ToolsTabbar.m */ = {isa = PBXFileReference; fileEncoding = 4; lastKnownFileType = sourcecode.c.objc; path = ToolsTabbar.m; sourceTree = "<group>"; };
		653EE1B31C61E68C000169F2 /* DetailStoryModel.h */ = {isa = PBXFileReference; fileEncoding = 4; lastKnownFileType = sourcecode.c.h; path = DetailStoryModel.h; sourceTree = "<group>"; };
		653EE1B41C61E68C000169F2 /* DetailStoryModel.m */ = {isa = PBXFileReference; fileEncoding = 4; lastKnownFileType = sourcecode.c.objc; path = DetailStoryModel.m; sourceTree = "<group>"; };
		653EE1B61C61E6C5000169F2 /* StoryTabbarData.h */ = {isa = PBXFileReference; fileEncoding = 4; lastKnownFileType = sourcecode.c.h; path = StoryTabbarData.h; sourceTree = "<group>"; };
		653EE1B71C61E6C5000169F2 /* StoryTabbarData.m */ = {isa = PBXFileReference; fileEncoding = 4; lastKnownFileType = sourcecode.c.objc; path = StoryTabbarData.m; sourceTree = "<group>"; };
		653EE1B91C61EBD0000169F2 /* DetailViewTool.h */ = {isa = PBXFileReference; fileEncoding = 4; lastKnownFileType = sourcecode.c.h; path = DetailViewTool.h; sourceTree = "<group>"; };
		653EE1BA1C61EBD0000169F2 /* DetailViewTool.m */ = {isa = PBXFileReference; fileEncoding = 4; lastKnownFileType = sourcecode.c.objc; path = DetailViewTool.m; sourceTree = "<group>"; };
		653EE1CF1C623002000169F2 /* DetailViewController.h */ = {isa = PBXFileReference; fileEncoding = 4; lastKnownFileType = sourcecode.c.h; path = DetailViewController.h; sourceTree = "<group>"; };
		653EE1D01C623002000169F2 /* DetailViewController.m */ = {isa = PBXFileReference; fileEncoding = 4; lastKnownFileType = sourcecode.c.objc; path = DetailViewController.m; sourceTree = "<group>"; };
		653EE1D21C6231B6000169F2 /* DetailHeaderView.h */ = {isa = PBXFileReference; fileEncoding = 4; lastKnownFileType = sourcecode.c.h; path = DetailHeaderView.h; sourceTree = "<group>"; };
		653EE1D31C6231B6000169F2 /* DetailHeaderView.m */ = {isa = PBXFileReference; fileEncoding = 4; lastKnownFileType = sourcecode.c.objc; path = DetailHeaderView.m; sourceTree = "<group>"; };
		653EE1D51C626CCE000169F2 /* DetailFooterView.h */ = {isa = PBXFileReference; fileEncoding = 4; lastKnownFileType = sourcecode.c.h; path = DetailFooterView.h; sourceTree = "<group>"; };
		653EE1D61C626CCE000169F2 /* DetailFooterView.m */ = {isa = PBXFileReference; fileEncoding = 4; lastKnownFileType = sourcecode.c.objc; path = DetailFooterView.m; sourceTree = "<group>"; };
		653EE1D81C632AFC000169F2 /* TopView.h */ = {isa = PBXFileReference; fileEncoding = 4; lastKnownFileType = sourcecode.c.h; path = TopView.h; sourceTree = "<group>"; };
		653EE1D91C632AFC000169F2 /* TopView.m */ = {isa = PBXFileReference; fileEncoding = 4; lastKnownFileType = sourcecode.c.objc; path = TopView.m; sourceTree = "<group>"; };
		653EE1DB1C632B12000169F2 /* TopView.xib */ = {isa = PBXFileReference; fileEncoding = 4; lastKnownFileType = file.xib; path = TopView.xib; sourceTree = "<group>"; };
		6541408C1C6A3F57007EEE0A /* UIViewController+Extension.h */ = {isa = PBXFileReference; fileEncoding = 4; lastKnownFileType = sourcecode.c.h; path = "UIViewController+Extension.h"; sourceTree = "<group>"; };
		6541408D1C6A3F57007EEE0A /* UIViewController+Extension.m */ = {isa = PBXFileReference; fileEncoding = 4; lastKnownFileType = sourcecode.c.objc; path = "UIViewController+Extension.m"; sourceTree = "<group>"; };
		656878291C2AB5BC003684F1 /* TopStoriesModel.h */ = {isa = PBXFileReference; fileEncoding = 4; lastKnownFileType = sourcecode.c.h; path = TopStoriesModel.h; sourceTree = "<group>"; };
		6568782A1C2AB5BC003684F1 /* TopStoriesModel.m */ = {isa = PBXFileReference; fileEncoding = 4; lastKnownFileType = sourcecode.c.objc; path = TopStoriesModel.m; sourceTree = "<group>"; };
		6568782C1C2F9749003684F1 /* StoriesModel.h */ = {isa = PBXFileReference; fileEncoding = 4; lastKnownFileType = sourcecode.c.h; path = StoriesModel.h; sourceTree = "<group>"; };
		6568782D1C2F9749003684F1 /* StoriesModel.m */ = {isa = PBXFileReference; fileEncoding = 4; lastKnownFileType = sourcecode.c.objc; path = StoriesModel.m; sourceTree = "<group>"; };
		656878351C2FAE19003684F1 /* TableContentViewCell.h */ = {isa = PBXFileReference; fileEncoding = 4; lastKnownFileType = sourcecode.c.h; path = TableContentViewCell.h; sourceTree = "<group>"; };
		656878361C2FAE19003684F1 /* TableContentViewCell.m */ = {isa = PBXFileReference; fileEncoding = 4; lastKnownFileType = sourcecode.c.objc; path = TableContentViewCell.m; sourceTree = "<group>"; };
		6568783E1C2FD4E9003684F1 /* NSString+Date.h */ = {isa = PBXFileReference; fileEncoding = 4; lastKnownFileType = sourcecode.c.h; path = "NSString+Date.h"; sourceTree = "<group>"; };
		6568783F1C2FD4E9003684F1 /* NSString+Date.m */ = {isa = PBXFileReference; fileEncoding = 4; lastKnownFileType = sourcecode.c.objc; path = "NSString+Date.m"; sourceTree = "<group>"; };
		656878411C313435003684F1 /* TableContentViewCell.xib */ = {isa = PBXFileReference; fileEncoding = 4; lastKnownFileType = file.xib; path = TableContentViewCell.xib; sourceTree = "<group>"; };
		656878691C392566003684F1 /* PageViewController.h */ = {isa = PBXFileReference; fileEncoding = 4; lastKnownFileType = sourcecode.c.h; path = PageViewController.h; sourceTree = "<group>"; };
		6568786A1C392566003684F1 /* PageViewController.m */ = {isa = PBXFileReference; fileEncoding = 4; lastKnownFileType = sourcecode.c.objc; path = PageViewController.m; sourceTree = "<group>"; };
		656878701C394799003684F1 /* StoryModelTool.h */ = {isa = PBXFileReference; fileEncoding = 4; lastKnownFileType = sourcecode.c.h; path = StoryModelTool.h; sourceTree = "<group>"; };
		656878711C394799003684F1 /* StoryModelTool.m */ = {isa = PBXFileReference; fileEncoding = 4; lastKnownFileType = sourcecode.c.objc; path = StoryModelTool.m; sourceTree = "<group>"; };
		656878731C394B33003684F1 /* HttpTool.h */ = {isa = PBXFileReference; fileEncoding = 4; lastKnownFileType = sourcecode.c.h; path = HttpTool.h; sourceTree = "<group>"; };
		656878741C394B33003684F1 /* HttpTool.m */ = {isa = PBXFileReference; fileEncoding = 4; lastKnownFileType = sourcecode.c.objc; path = HttpTool.m; sourceTree = "<group>"; };
		656878761C394E78003684F1 /* SectionModel.h */ = {isa = PBXFileReference; fileEncoding = 4; lastKnownFileType = sourcecode.c.h; path = SectionModel.h; sourceTree = "<group>"; };
		656878771C394E78003684F1 /* SectionModel.m */ = {isa = PBXFileReference; fileEncoding = 4; lastKnownFileType = sourcecode.c.objc; path = SectionModel.m; sourceTree = "<group>"; };
		656DB2331C17F8F900155183 /* Zhihu.app */ = {isa = PBXFileReference; explicitFileType = wrapper.application; includeInIndex = 0; path = Zhihu.app; sourceTree = BUILT_PRODUCTS_DIR; };
		656DB2371C17F8F900155183 /* main.m */ = {isa = PBXFileReference; lastKnownFileType = sourcecode.c.objc; path = main.m; sourceTree = "<group>"; };
		656DB2391C17F8F900155183 /* AppDelegate.h */ = {isa = PBXFileReference; lastKnownFileType = sourcecode.c.h; name = AppDelegate.h; path = ../../AppDelegate.h; sourceTree = "<group>"; };
		656DB23A1C17F8F900155183 /* AppDelegate.m */ = {isa = PBXFileReference; lastKnownFileType = sourcecode.c.objc; name = AppDelegate.m; path = ../../AppDelegate.m; sourceTree = "<group>"; };
		656DB2401C17F8F900155183 /* Base */ = {isa = PBXFileReference; lastKnownFileType = file.storyboard; name = Base; path = Base.lproj/Main.storyboard; sourceTree = "<group>"; };
		656DB2421C17F8F900155183 /* Assets.xcassets */ = {isa = PBXFileReference; lastKnownFileType = folder.assetcatalog; path = Assets.xcassets; sourceTree = "<group>"; };
		656DB2451C17F8F900155183 /* Base */ = {isa = PBXFileReference; lastKnownFileType = file.storyboard; name = Base; path = Base.lproj/LaunchScreen.storyboard; sourceTree = "<group>"; };
		656DB2471C17F8F900155183 /* Info.plist */ = {isa = PBXFileReference; lastKnownFileType = text.plist.xml; path = Info.plist; sourceTree = "<group>"; };
		65880E871C4104B40048C1CC /* HeaderView.h */ = {isa = PBXFileReference; fileEncoding = 4; lastKnownFileType = sourcecode.c.h; path = HeaderView.h; sourceTree = "<group>"; };
		65880E881C4104B40048C1CC /* HeaderView.m */ = {isa = PBXFileReference; fileEncoding = 4; lastKnownFileType = sourcecode.c.objc; path = HeaderView.m; sourceTree = "<group>"; };
		658EA4561C5F4A6400E4726A /* DataSource.h */ = {isa = PBXFileReference; fileEncoding = 4; lastKnownFileType = sourcecode.c.h; path = DataSource.h; sourceTree = "<group>"; };
		658EA4571C5F4A6400E4726A /* DataSource.m */ = {isa = PBXFileReference; fileEncoding = 4; lastKnownFileType = sourcecode.c.objc; path = DataSource.m; sourceTree = "<group>"; };
		658FD4B11C6F8EB800971A8F /* WebImgScrollView.h */ = {isa = PBXFileReference; fileEncoding = 4; lastKnownFileType = sourcecode.c.h; path = WebImgScrollView.h; sourceTree = "<group>"; };
		658FD4B21C6F8EB800971A8F /* WebImgScrollView.m */ = {isa = PBXFileReference; fileEncoding = 4; lastKnownFileType = sourcecode.c.objc; path = WebImgScrollView.m; sourceTree = "<group>"; };
		658FD4D91C6F96FA00971A8F /* QuartzCore.framework */ = {isa = PBXFileReference; lastKnownFileType = wrapper.framework; name = QuartzCore.framework; path = System/Library/Frameworks/QuartzCore.framework; sourceTree = SDKROOT; };
		658FD4EF1C705F1400971A8F /* SVProgressHUD.bundle */ = {isa = PBXFileReference; lastKnownFileType = "wrapper.plug-in"; path = SVProgressHUD.bundle; sourceTree = "<group>"; };
		65BD0DAC1C6EF15E007DF4CB /* LeftMenuViewController.h */ = {isa = PBXFileReference; fileEncoding = 4; lastKnownFileType = sourcecode.c.h; path = LeftMenuViewController.h; sourceTree = "<group>"; };
		65BD0DAD1C6EF15E007DF4CB /* LeftMenuViewController.m */ = {isa = PBXFileReference; fileEncoding = 4; lastKnownFileType = sourcecode.c.objc; path = LeftMenuViewController.m; sourceTree = "<group>"; };
		65BD0DAF1C6EF6D7007DF4CB /* HomeCell.h */ = {isa = PBXFileReference; fileEncoding = 4; lastKnownFileType = sourcecode.c.h; path = HomeCell.h; sourceTree = "<group>"; };
		65BD0DB01C6EF6D7007DF4CB /* HomeCell.m */ = {isa = PBXFileReference; fileEncoding = 4; lastKnownFileType = sourcecode.c.objc; path = HomeCell.m; sourceTree = "<group>"; };
		65BD0DB21C6EF9FE007DF4CB /* ContentCell.h */ = {isa = PBXFileReference; fileEncoding = 4; lastKnownFileType = sourcecode.c.h; path = ContentCell.h; sourceTree = "<group>"; };
		65BD0DB31C6EF9FE007DF4CB /* ContentCell.m */ = {isa = PBXFileReference; fileEncoding = 4; lastKnownFileType = sourcecode.c.objc; path = ContentCell.m; sourceTree = "<group>"; };
		65BD0DFF1C6F199A007DF4CB /* SystemConfiguration.framework */ = {isa = PBXFileReference; lastKnownFileType = wrapper.framework; name = SystemConfiguration.framework; path = System/Library/Frameworks/SystemConfiguration.framework; sourceTree = SDKROOT; };
		65BD0E011C6F1A59007DF4CB /* Security.framework */ = {isa = PBXFileReference; lastKnownFileType = wrapper.framework; name = Security.framework; path = System/Library/Frameworks/Security.framework; sourceTree = SDKROOT; };
		65BD0E031C6F1A84007DF4CB /* libiconv.tbd */ = {isa = PBXFileReference; lastKnownFileType = "sourcecode.text-based-dylib-definition"; name = libiconv.tbd; path = usr/lib/libiconv.tbd; sourceTree = SDKROOT; };
		65BD0E051C6F1A90007DF4CB /* CoreGraphics.framework */ = {isa = PBXFileReference; lastKnownFileType = wrapper.framework; name = CoreGraphics.framework; path = System/Library/Frameworks/CoreGraphics.framework; sourceTree = SDKROOT; };
		65BD0E071C6F1AA1007DF4CB /* libsqlite3.tbd */ = {isa = PBXFileReference; lastKnownFileType = "sourcecode.text-based-dylib-definition"; name = libsqlite3.tbd; path = usr/lib/libsqlite3.tbd; sourceTree = SDKROOT; };
		65BD0E091C6F1AAB007DF4CB /* CoreTelephony.framework */ = {isa = PBXFileReference; lastKnownFileType = wrapper.framework; name = CoreTelephony.framework; path = System/Library/Frameworks/CoreTelephony.framework; sourceTree = SDKROOT; };
		65BD0E0B1C6F1AC0007DF4CB /* libstdc++.tbd */ = {isa = PBXFileReference; lastKnownFileType = "sourcecode.text-based-dylib-definition"; name = "libstdc++.tbd"; path = "usr/lib/libstdc++.tbd"; sourceTree = SDKROOT; };
		65BD0E0D1C6F1ACB007DF4CB /* libz.tbd */ = {isa = PBXFileReference; lastKnownFileType = "sourcecode.text-based-dylib-definition"; name = libz.tbd; path = usr/lib/libz.tbd; sourceTree = SDKROOT; };
		65BD0E801C6F49E2007DF4CB /* libSocialSinaSSO.a */ = {isa = PBXFileReference; lastKnownFileType = archive.ar; path = libSocialSinaSSO.a; sourceTree = "<group>"; };
		65BD0E811C6F49E2007DF4CB /* libWeiboSDK.a */ = {isa = PBXFileReference; lastKnownFileType = archive.ar; path = libWeiboSDK.a; sourceTree = "<group>"; };
		65BD0E821C6F49E2007DF4CB /* UMSocialSinaSSOHandler.h */ = {isa = PBXFileReference; fileEncoding = 4; lastKnownFileType = sourcecode.c.h; path = UMSocialSinaSSOHandler.h; sourceTree = "<group>"; };
		65BD0E831C6F49E2007DF4CB /* WBHttpRequest+WeiboGame.h */ = {isa = PBXFileReference; fileEncoding = 4; lastKnownFileType = sourcecode.c.h; path = "WBHttpRequest+WeiboGame.h"; sourceTree = "<group>"; };
		65BD0E841C6F49E2007DF4CB /* WBHttpRequest+WeiboShare.h */ = {isa = PBXFileReference; fileEncoding = 4; lastKnownFileType = sourcecode.c.h; path = "WBHttpRequest+WeiboShare.h"; sourceTree = "<group>"; };
		65BD0E851C6F49E2007DF4CB /* WBHttpRequest+WeiboToken.h */ = {isa = PBXFileReference; fileEncoding = 4; lastKnownFileType = sourcecode.c.h; path = "WBHttpRequest+WeiboToken.h"; sourceTree = "<group>"; };
		65BD0E861C6F49E2007DF4CB /* WBHttpRequest+WeiboUser.h */ = {isa = PBXFileReference; fileEncoding = 4; lastKnownFileType = sourcecode.c.h; path = "WBHttpRequest+WeiboUser.h"; sourceTree = "<group>"; };
		65BD0E871C6F49E2007DF4CB /* WBHttpRequest.h */ = {isa = PBXFileReference; fileEncoding = 4; lastKnownFileType = sourcecode.c.h; path = WBHttpRequest.h; sourceTree = "<group>"; };
		65BD0E881C6F49E2007DF4CB /* WBSDKBasicButton.h */ = {isa = PBXFileReference; fileEncoding = 4; lastKnownFileType = sourcecode.c.h; path = WBSDKBasicButton.h; sourceTree = "<group>"; };
		65BD0E891C6F49E2007DF4CB /* WBSDKCommentButton.h */ = {isa = PBXFileReference; fileEncoding = 4; lastKnownFileType = sourcecode.c.h; path = WBSDKCommentButton.h; sourceTree = "<group>"; };
		65BD0E8A1C6F49E2007DF4CB /* WBSDKRelationshipButton.h */ = {isa = PBXFileReference; fileEncoding = 4; lastKnownFileType = sourcecode.c.h; path = WBSDKRelationshipButton.h; sourceTree = "<group>"; };
		65BD0E8B1C6F49E2007DF4CB /* WeiboSDK.bundle */ = {isa = PBXFileReference; lastKnownFileType = "wrapper.plug-in"; path = WeiboSDK.bundle; sourceTree = "<group>"; };
		65BD0E8C1C6F49E2007DF4CB /* WeiboSDK.h */ = {isa = PBXFileReference; fileEncoding = 4; lastKnownFileType = sourcecode.c.h; path = WeiboSDK.h; sourceTree = "<group>"; };
		65BD0E8D1C6F49E2007DF4CB /* WeiboUser.h */ = {isa = PBXFileReference; fileEncoding = 4; lastKnownFileType = sourcecode.c.h; path = WeiboUser.h; sourceTree = "<group>"; };
		65BD0E8F1C6F49E2007DF4CB /* libSocialQQ.a */ = {isa = PBXFileReference; lastKnownFileType = archive.ar; path = libSocialQQ.a; sourceTree = "<group>"; };
		65BD0E901C6F49E2007DF4CB /* TencentOpenAPI.framework */ = {isa = PBXFileReference; lastKnownFileType = wrapper.framework; path = TencentOpenAPI.framework; sourceTree = "<group>"; };
		65BD0E911C6F49E2007DF4CB /* TencentOpenApi_IOS_Bundle.bundle */ = {isa = PBXFileReference; lastKnownFileType = "wrapper.plug-in"; path = TencentOpenApi_IOS_Bundle.bundle; sourceTree = "<group>"; };
		65BD0E921C6F49E2007DF4CB /* UMSocialQQHandler.h */ = {isa = PBXFileReference; fileEncoding = 4; lastKnownFileType = sourcecode.c.h; path = UMSocialQQHandler.h; sourceTree = "<group>"; };
		65BD0E941C6F49E2007DF4CB /* libSocialWechat.a */ = {isa = PBXFileReference; lastKnownFileType = archive.ar; path = libSocialWechat.a; sourceTree = "<group>"; };
		65BD0E951C6F49E2007DF4CB /* libWeChatSDK.a */ = {isa = PBXFileReference; lastKnownFileType = archive.ar; path = libWeChatSDK.a; sourceTree = "<group>"; };
		65BD0E961C6F49E2007DF4CB /* UMSocialWechatHandler.h */ = {isa = PBXFileReference; fileEncoding = 4; lastKnownFileType = sourcecode.c.h; path = UMSocialWechatHandler.h; sourceTree = "<group>"; };
		65BD0E971C6F49E2007DF4CB /* WechatAuthSDK.h */ = {isa = PBXFileReference; fileEncoding = 4; lastKnownFileType = sourcecode.c.h; path = WechatAuthSDK.h; sourceTree = "<group>"; };
		65BD0E981C6F49E2007DF4CB /* WXApi.h */ = {isa = PBXFileReference; fileEncoding = 4; lastKnownFileType = sourcecode.c.h; path = WXApi.h; sourceTree = "<group>"; };
		65BD0E991C6F49E2007DF4CB /* WXApiObject.h */ = {isa = PBXFileReference; fileEncoding = 4; lastKnownFileType = sourcecode.c.h; path = WXApiObject.h; sourceTree = "<group>"; };
		65E785741C70786900761C29 /* NSMutableArray+Extension.h */ = {isa = PBXFileReference; fileEncoding = 4; lastKnownFileType = sourcecode.c.h; path = "NSMutableArray+Extension.h"; sourceTree = "<group>"; };
		65E785751C70786900761C29 /* NSMutableArray+Extension.m */ = {isa = PBXFileReference; fileEncoding = 4; lastKnownFileType = sourcecode.c.objc; path = "NSMutableArray+Extension.m"; sourceTree = "<group>"; };
/* End PBXFileReference section */

/* Begin PBXFrameworksBuildPhase section */
		656DB2301C17F8F900155183 /* Frameworks */ = {
			isa = PBXFrameworksBuildPhase;
			buildActionMask = 2147483647;
			files = (
				65BD0EA91C6F4B46007DF4CB /* libz.tbd in Frameworks */,
				65BD0EA81C6F4B3D007DF4CB /* libstdc++.tbd in Frameworks */,
				65BD0EA71C6F4B30007DF4CB /* CoreTelephony.framework in Frameworks */,
				65BD0EA61C6F4B26007DF4CB /* libsqlite3.tbd in Frameworks */,
				65BD0EA51C6F4B19007DF4CB /* CoreGraphics.framework in Frameworks */,
				65BD0EA41C6F4B0F007DF4CB /* SystemConfiguration.framework in Frameworks */,
				65BD0EA31C6F4B01007DF4CB /* libiconv.tbd in Frameworks */,
				65BD0EA21C6F4AEF007DF4CB /* Security.framework in Frameworks */,
				65BD0EA11C6F49E3007DF4CB /* libWeChatSDK.a in Frameworks */,
				65BD0E9E1C6F49E2007DF4CB /* TencentOpenAPI.framework in Frameworks */,
				65BD0E9D1C6F49E2007DF4CB /* libSocialQQ.a in Frameworks */,
				D38C22BC93834DFC2DA998AB /* libPods.a in Frameworks */,
				65BD0E9B1C6F49E2007DF4CB /* libWeiboSDK.a in Frameworks */,
				65BD0EA01C6F49E2007DF4CB /* libSocialWechat.a in Frameworks */,
				65BD0E9A1C6F49E2007DF4CB /* libSocialSinaSSO.a in Frameworks */,
			);
			runOnlyForDeploymentPostprocessing = 0;
		};
/* End PBXFrameworksBuildPhase section */

/* Begin PBXGroup section */
		1BD832FA8D026B33D36C56DA /* Pods */ = {
			isa = PBXGroup;
			children = (
				0F9ED29E0116517909E46F6C /* Pods.debug.xcconfig */,
				0F8283F5937A732919D95E7F /* Pods.release.xcconfig */,
			);
			name = Pods;
			sourceTree = "<group>";
		};
		651392BF1C1939990032FAD1 /* Catagory */ = {
			isa = PBXGroup;
			children = (
				6541408C1C6A3F57007EEE0A /* UIViewController+Extension.h */,
				6541408D1C6A3F57007EEE0A /* UIViewController+Extension.m */,
				651392D01C1973D50032FAD1 /* UINavigationBar+Awesome.h */,
				651392D11C1973D50032FAD1 /* UINavigationBar+Awesome.m */,
				651392C01C19399F0032FAD1 /* UIView+Extension.h */,
				651392C11C19399F0032FAD1 /* UIView+Extension.m */,
				651392DA1C1AA5660032FAD1 /* UIImage+ImageEffects.h */,
				651392DB1C1AA5660032FAD1 /* UIImage+ImageEffects.m */,
				6568783E1C2FD4E9003684F1 /* NSString+Date.h */,
				6568783F1C2FD4E9003684F1 /* NSString+Date.m */,
				65E785741C70786900761C29 /* NSMutableArray+Extension.h */,
				65E785751C70786900761C29 /* NSMutableArray+Extension.m */,
			);
			name = Catagory;
			path = Lib/Catagory;
			sourceTree = "<group>";
		};
		651392C41C19415E0032FAD1 /* GradientView */ = {
			isa = PBXGroup;
			children = (
				651392C51C1941740032FAD1 /* GradientView.h */,
				651392C61C1941740032FAD1 /* GradientView.m */,
			);
			path = GradientView;
			sourceTree = "<group>";
		};
		651392C81C1964980032FAD1 /* SWRevealViewController */ = {
			isa = PBXGroup;
			children = (
				651392C91C1964A30032FAD1 /* SWRevealViewController.h */,
				651392CA1C1964A30032FAD1 /* SWRevealViewController.m */,
			);
			path = SWRevealViewController;
			sourceTree = "<group>";
		};
		651392CC1C19653D0032FAD1 /* SideMenuViewController */ = {
			isa = PBXGroup;
			children = (
				6518AFF11C6B90920083248F /* Model */,
				6518AFF01C6B90810083248F /* Tools */,
				651392DD1C1AEFD50032FAD1 /* Controller */,
				651392DE1C1AEFD50032FAD1 /* View */,
			);
			name = SideMenuViewController;
			path = AppDelegate/Main/SideMenuViewController;
			sourceTree = "<group>";
		};
		651392D31C1AA4F40032FAD1 /* ParallaxHeaderView */ = {
			isa = PBXGroup;
			children = (
				651392D71C1AA52C0032FAD1 /* myUILabel.h */,
				651392D81C1AA52C0032FAD1 /* myUILabel.m */,
				651392D41C1AA4FE0032FAD1 /* ParallaxHeaderView.h */,
				651392D51C1AA4FE0032FAD1 /* ParallaxHeaderView.m */,
			);
			path = ParallaxHeaderView;
			sourceTree = "<group>";
		};
		651392DD1C1AEFD50032FAD1 /* Controller */ = {
			isa = PBXGroup;
			children = (
				65BD0DAC1C6EF15E007DF4CB /* LeftMenuViewController.h */,
				65BD0DAD1C6EF15E007DF4CB /* LeftMenuViewController.m */,
			);
			path = Controller;
			sourceTree = "<group>";
		};
		651392DE1C1AEFD50032FAD1 /* View */ = {
			isa = PBXGroup;
			children = (
				65BD0DAF1C6EF6D7007DF4CB /* HomeCell.h */,
				65BD0DB01C6EF6D7007DF4CB /* HomeCell.m */,
				65BD0DB21C6EF9FE007DF4CB /* ContentCell.h */,
				65BD0DB31C6EF9FE007DF4CB /* ContentCell.m */,
			);
			path = View;
			sourceTree = "<group>";
		};
		6518AFD41C6B77F00083248F /* ThemePage */ = {
			isa = PBXGroup;
			children = (
				6518AFD51C6B780C0083248F /* Controller */,
				6518AFD61C6B780C0083248F /* Model */,
				6518AFDB1C6B780C0083248F /* Tools */,
				6518AFDE1C6B780C0083248F /* View */,
			);
			path = ThemePage;
			sourceTree = "<group>";
		};
		6518AFD51C6B780C0083248F /* Controller */ = {
			isa = PBXGroup;
			children = (
				6518AFEA1C6B78380083248F /* ThemeViewController.h */,
				6518AFEB1C6B78380083248F /* ThemeViewController.m */,
				651E8F6C1C6E3D9100D1BFFE /* EditorInfoViewController.h */,
				651E8F6D1C6E3D9100D1BFFE /* EditorInfoViewController.m */,
			);
			path = Controller;
			sourceTree = "<group>";
		};
		6518AFD61C6B780C0083248F /* Model */ = {
			isa = PBXGroup;
			children = (
				6518AFD71C6B780C0083248F /* EditorMoedel.h */,
				6518AFD81C6B780C0083248F /* EditorMoedel.m */,
				6518AFD91C6B780C0083248F /* ThemeNewsModel.h */,
				6518AFDA1C6B780C0083248F /* ThemeNewsModel.m */,
			);
			path = Model;
			sourceTree = "<group>";
		};
		6518AFDB1C6B780C0083248F /* Tools */ = {
			isa = PBXGroup;
			children = (
				6518AFFD1C6CB6DD0083248F /* ThemeData.h */,
				6518AFFE1C6CB6DD0083248F /* ThemeData.m */,
				6518AFDC1C6B780C0083248F /* ThemeNewsTool.h */,
				6518AFDD1C6B780C0083248F /* ThemeNewsTool.m */,
			);
			path = Tools;
			sourceTree = "<group>";
		};
		6518AFDE1C6B780C0083248F /* View */ = {
			isa = PBXGroup;
			children = (
				6518B0001C6D62E50083248F /* EditoCell.h */,
				6518B0011C6D62E50083248F /* EditoCell.m */,
				6518AFF81C6CB47B0083248F /* ThemeCell.h */,
				6518AFF91C6CB47B0083248F /* ThemeCell.m */,
				6518AFFA1C6CB47B0083248F /* ThemeCell.xib */,
				6518AFE21C6B780C0083248F /* TopImageView.h */,
				6518AFE31C6B780C0083248F /* TopImageView.m */,
				651E8F6F1C6EDD5200D1BFFE /* EditorInfoCell.h */,
				651E8F701C6EDD5200D1BFFE /* EditorInfoCell.m */,
				651E8F711C6EDD5200D1BFFE /* EditorInfoCell.xib */,
			);
			path = View;
			sourceTree = "<group>";
		};
		6518AFF01C6B90810083248F /* Tools */ = {
			isa = PBXGroup;
			children = (
				6518AFF21C6B90C40083248F /* ThemeTool.h */,
				6518AFF31C6B90C40083248F /* ThemeTool.m */,
			);
			path = Tools;
			sourceTree = "<group>";
		};
		6518AFF11C6B90920083248F /* Model */ = {
			isa = PBXGroup;
			children = (
				6518AFED1C6B87E10083248F /* Theme.h */,
				6518AFEE1C6B87E10083248F /* Theme.m */,
			);
			path = Model;
			sourceTree = "<group>";
		};
		652596F51C180410006B2A91 /* Classes */ = {
			isa = PBXGroup;
			children = (
				6518AFD41C6B77F00083248F /* ThemePage */,
				653EE1A81C61DAFB000169F2 /* DetailNews */,
				651392BF1C1939990032FAD1 /* Catagory */,
				6525970B1C181667006B2A91 /* Main */,
				651392CC1C19653D0032FAD1 /* SideMenuViewController */,
				652596F81C18042C006B2A91 /* AppDelegate */,
				652596F61C180410006B2A91 /* LaunchViewController */,
				652596F71C180410006B2A91 /* Lib */,
			);
			path = Classes;
			sourceTree = "<group>";
		};
		652596F61C180410006B2A91 /* LaunchViewController */ = {
			isa = PBXGroup;
			children = (
				652597081C180724006B2A91 /* LanuchViewController.h */,
				652597091C180724006B2A91 /* LanuchViewController.m */,
			);
			path = LaunchViewController;
			sourceTree = "<group>";
		};
		652596F71C180410006B2A91 /* Lib */ = {
			isa = PBXGroup;
			children = (
				651392D31C1AA4F40032FAD1 /* ParallaxHeaderView */,
				651392C81C1964980032FAD1 /* SWRevealViewController */,
				651392C41C19415E0032FAD1 /* GradientView */,
				652596FC1C1805BC006B2A91 /* JSAnimated */,
			);
			path = Lib;
			sourceTree = "<group>";
		};
		652596F81C18042C006B2A91 /* AppDelegate */ = {
			isa = PBXGroup;
			children = (
				656DB2391C17F8F900155183 /* AppDelegate.h */,
				656DB23A1C17F8F900155183 /* AppDelegate.m */,
			);
			path = AppDelegate;
			sourceTree = "<group>";
		};
		652596FC1C1805BC006B2A91 /* JSAnimated */ = {
			isa = PBXGroup;
			children = (
				652597011C1805EF006B2A91 /* JSAnimatedImagesView */,
				652596FD1C1805CC006B2A91 /* MSWeakTimer */,
			);
			path = JSAnimated;
			sourceTree = "<group>";
		};
		652596FD1C1805CC006B2A91 /* MSWeakTimer */ = {
			isa = PBXGroup;
			children = (
				652596FE1C1805CC006B2A91 /* MSWeakTimer.h */,
				652596FF1C1805CC006B2A91 /* MSWeakTimer.m */,
			);
			path = MSWeakTimer;
			sourceTree = "<group>";
		};
		652597011C1805EF006B2A91 /* JSAnimatedImagesView */ = {
			isa = PBXGroup;
			children = (
				652597021C1805F7006B2A91 /* JSAnimatedImagesView.h */,
				652597031C1805F7006B2A91 /* JSAnimatedImagesView.m */,
			);
			path = JSAnimatedImagesView;
			sourceTree = "<group>";
		};
		6525970B1C181667006B2A91 /* Main */ = {
			isa = PBXGroup;
			children = (
				6568786F1C39477C003684F1 /* Tool */,
				656878321C2FAC5D003684F1 /* View */,
				656878281C2AB597003684F1 /* Model */,
				6525970C1C181667006B2A91 /* Controller */,
			);
			name = Main;
			path = AppDelegate/Main;
			sourceTree = "<group>";
		};
		6525970C1C181667006B2A91 /* Controller */ = {
			isa = PBXGroup;
			children = (
				656878691C392566003684F1 /* PageViewController.h */,
				6568786A1C392566003684F1 /* PageViewController.m */,
			);
			path = Controller;
			sourceTree = "<group>";
		};
		653EE1A81C61DAFB000169F2 /* DetailNews */ = {
			isa = PBXGroup;
			children = (
				653EE1AC1C61DB1A000169F2 /* Tool */,
				653EE1A91C61DAFB000169F2 /* Controller */,
				653EE1AA1C61DAFB000169F2 /* Model */,
				653EE1AB1C61DAFB000169F2 /* View */,
			);
			path = DetailNews;
			sourceTree = "<group>";
		};
		653EE1A91C61DAFB000169F2 /* Controller */ = {
			isa = PBXGroup;
			children = (
				653EE1AD1C61E25E000169F2 /* ContainerController.h */,
				653EE1AE1C61E25E000169F2 /* ContainerController.m */,
				653EE1CF1C623002000169F2 /* DetailViewController.h */,
				653EE1D01C623002000169F2 /* DetailViewController.m */,
				6500502D1C6F81E100EBA4DF /* BrowserViewController.h */,
				6500502E1C6F81E100EBA4DF /* BrowserViewController.m */,
			);
			path = Controller;
			sourceTree = "<group>";
		};
		653EE1AA1C61DAFB000169F2 /* Model */ = {
			isa = PBXGroup;
			children = (
				653EE1B31C61E68C000169F2 /* DetailStoryModel.h */,
				653EE1B41C61E68C000169F2 /* DetailStoryModel.m */,
				653EE1B61C61E6C5000169F2 /* StoryTabbarData.h */,
				653EE1B71C61E6C5000169F2 /* StoryTabbarData.m */,
			);
			path = Model;
			sourceTree = "<group>";
		};
		653EE1AB1C61DAFB000169F2 /* View */ = {
			isa = PBXGroup;
			children = (
				653EE1B01C61E393000169F2 /* ToolsTabbar.h */,
				653EE1B11C61E393000169F2 /* ToolsTabbar.m */,
				653EE1D21C6231B6000169F2 /* DetailHeaderView.h */,
				653EE1D31C6231B6000169F2 /* DetailHeaderView.m */,
				653EE1D51C626CCE000169F2 /* DetailFooterView.h */,
				653EE1D61C626CCE000169F2 /* DetailFooterView.m */,
				653EE1D81C632AFC000169F2 /* TopView.h */,
				653EE1D91C632AFC000169F2 /* TopView.m */,
				653EE1DB1C632B12000169F2 /* TopView.xib */,
				658FD4B11C6F8EB800971A8F /* WebImgScrollView.h */,
				658FD4B21C6F8EB800971A8F /* WebImgScrollView.m */,
			);
			path = View;
			sourceTree = "<group>";
		};
		653EE1AC1C61DB1A000169F2 /* Tool */ = {
			isa = PBXGroup;
			children = (
				653EE1B91C61EBD0000169F2 /* DetailViewTool.h */,
				653EE1BA1C61EBD0000169F2 /* DetailViewTool.m */,
			);
			path = Tool;
			sourceTree = "<group>";
		};
		656878281C2AB597003684F1 /* Model */ = {
			isa = PBXGroup;
			children = (
				656878761C394E78003684F1 /* SectionModel.h */,
				656878771C394E78003684F1 /* SectionModel.m */,
				6568782C1C2F9749003684F1 /* StoriesModel.h */,
				6568782D1C2F9749003684F1 /* StoriesModel.m */,
				656878291C2AB5BC003684F1 /* TopStoriesModel.h */,
				6568782A1C2AB5BC003684F1 /* TopStoriesModel.m */,
			);
			path = Model;
			sourceTree = "<group>";
		};
		656878321C2FAC5D003684F1 /* View */ = {
			isa = PBXGroup;
			children = (
				656878351C2FAE19003684F1 /* TableContentViewCell.h */,
				656878361C2FAE19003684F1 /* TableContentViewCell.m */,
				656878411C313435003684F1 /* TableContentViewCell.xib */,
				65880E871C4104B40048C1CC /* HeaderView.h */,
				65880E881C4104B40048C1CC /* HeaderView.m */,
				653EE1A51C60DD45000169F2 /* RefreshView.h */,
				653EE1A61C60DD45000169F2 /* RefreshView.m */,
			);
			path = View;
			sourceTree = "<group>";
		};
		6568786F1C39477C003684F1 /* Tool */ = {
			isa = PBXGroup;
			children = (
				656878701C394799003684F1 /* StoryModelTool.h */,
				656878711C394799003684F1 /* StoryModelTool.m */,
				656878731C394B33003684F1 /* HttpTool.h */,
				656878741C394B33003684F1 /* HttpTool.m */,
				658EA4561C5F4A6400E4726A /* DataSource.h */,
				658EA4571C5F4A6400E4726A /* DataSource.m */,
			);
			path = Tool;
			sourceTree = "<group>";
		};
		656DB22A1C17F8F900155183 = {
			isa = PBXGroup;
			children = (
				658FD4EF1C705F1400971A8F /* SVProgressHUD.bundle */,
				656DB2351C17F8F900155183 /* Zhihu */,
				656DB2341C17F8F900155183 /* Products */,
				1BD832FA8D026B33D36C56DA /* Pods */,
				7308CD03BFDED6EFC7A302ED /* Frameworks */,
			);
			sourceTree = "<group>";
		};
		656DB2341C17F8F900155183 /* Products */ = {
			isa = PBXGroup;
			children = (
				656DB2331C17F8F900155183 /* Zhihu.app */,
			);
			name = Products;
			sourceTree = "<group>";
		};
		656DB2351C17F8F900155183 /* Zhihu */ = {
			isa = PBXGroup;
			children = (
				65BD0E7E1C6F49E2007DF4CB /* UMSocial_Sdk_Extra_Frameworks */,
				652596F51C180410006B2A91 /* Classes */,
				656DB23F1C17F8F900155183 /* Main.storyboard */,
				656DB2421C17F8F900155183 /* Assets.xcassets */,
				656DB2441C17F8F900155183 /* LaunchScreen.storyboard */,
				656DB2471C17F8F900155183 /* Info.plist */,
				656DB2361C17F8F900155183 /* Supporting Files */,
			);
			path = Zhihu;
			sourceTree = "<group>";
		};
		656DB2361C17F8F900155183 /* Supporting Files */ = {
			isa = PBXGroup;
			children = (
				656DB2371C17F8F900155183 /* main.m */,
				651392C31C193A230032FAD1 /* PrefixHeader.pch */,
			);
			name = "Supporting Files";
			sourceTree = "<group>";
		};
		65BD0E7E1C6F49E2007DF4CB /* UMSocial_Sdk_Extra_Frameworks */ = {
			isa = PBXGroup;
			children = (
				65BD0E7F1C6F49E2007DF4CB /* SinaSSO */,
				65BD0E8E1C6F49E2007DF4CB /* TencentOpenAPI */,
				65BD0E931C6F49E2007DF4CB /* Wechat */,
			);
			path = UMSocial_Sdk_Extra_Frameworks;
			sourceTree = "<group>";
		};
		65BD0E7F1C6F49E2007DF4CB /* SinaSSO */ = {
			isa = PBXGroup;
			children = (
				65BD0E801C6F49E2007DF4CB /* libSocialSinaSSO.a */,
				65BD0E811C6F49E2007DF4CB /* libWeiboSDK.a */,
				65BD0E821C6F49E2007DF4CB /* UMSocialSinaSSOHandler.h */,
				65BD0E831C6F49E2007DF4CB /* WBHttpRequest+WeiboGame.h */,
				65BD0E841C6F49E2007DF4CB /* WBHttpRequest+WeiboShare.h */,
				65BD0E851C6F49E2007DF4CB /* WBHttpRequest+WeiboToken.h */,
				65BD0E861C6F49E2007DF4CB /* WBHttpRequest+WeiboUser.h */,
				65BD0E871C6F49E2007DF4CB /* WBHttpRequest.h */,
				65BD0E881C6F49E2007DF4CB /* WBSDKBasicButton.h */,
				65BD0E891C6F49E2007DF4CB /* WBSDKCommentButton.h */,
				65BD0E8A1C6F49E2007DF4CB /* WBSDKRelationshipButton.h */,
				65BD0E8B1C6F49E2007DF4CB /* WeiboSDK.bundle */,
				65BD0E8C1C6F49E2007DF4CB /* WeiboSDK.h */,
				65BD0E8D1C6F49E2007DF4CB /* WeiboUser.h */,
			);
			path = SinaSSO;
			sourceTree = "<group>";
		};
		65BD0E8E1C6F49E2007DF4CB /* TencentOpenAPI */ = {
			isa = PBXGroup;
			children = (
				65BD0E8F1C6F49E2007DF4CB /* libSocialQQ.a */,
				65BD0E901C6F49E2007DF4CB /* TencentOpenAPI.framework */,
				65BD0E911C6F49E2007DF4CB /* TencentOpenApi_IOS_Bundle.bundle */,
				65BD0E921C6F49E2007DF4CB /* UMSocialQQHandler.h */,
			);
			path = TencentOpenAPI;
			sourceTree = "<group>";
		};
		65BD0E931C6F49E2007DF4CB /* Wechat */ = {
			isa = PBXGroup;
			children = (
				65BD0E941C6F49E2007DF4CB /* libSocialWechat.a */,
				65BD0E951C6F49E2007DF4CB /* libWeChatSDK.a */,
				65BD0E961C6F49E2007DF4CB /* UMSocialWechatHandler.h */,
				65BD0E971C6F49E2007DF4CB /* WechatAuthSDK.h */,
				65BD0E981C6F49E2007DF4CB /* WXApi.h */,
				65BD0E991C6F49E2007DF4CB /* WXApiObject.h */,
			);
			path = Wechat;
			sourceTree = "<group>";
		};
		7308CD03BFDED6EFC7A302ED /* Frameworks */ = {
			isa = PBXGroup;
			children = (
				658FD4D91C6F96FA00971A8F /* QuartzCore.framework */,
				65BD0E0D1C6F1ACB007DF4CB /* libz.tbd */,
				65BD0E0B1C6F1AC0007DF4CB /* libstdc++.tbd */,
				65BD0E091C6F1AAB007DF4CB /* CoreTelephony.framework */,
				65BD0E071C6F1AA1007DF4CB /* libsqlite3.tbd */,
				65BD0E051C6F1A90007DF4CB /* CoreGraphics.framework */,
				65BD0E031C6F1A84007DF4CB /* libiconv.tbd */,
				65BD0E011C6F1A59007DF4CB /* Security.framework */,
				65BD0DFF1C6F199A007DF4CB /* SystemConfiguration.framework */,
				5F072E6936C5541AFF862D10 /* libPods.a */,
			);
			name = Frameworks;
			sourceTree = "<group>";
		};
/* End PBXGroup section */

/* Begin PBXNativeTarget section */
		656DB2321C17F8F900155183 /* Zhihu */ = {
			isa = PBXNativeTarget;
			buildConfigurationList = 656DB24A1C17F8F900155183 /* Build configuration list for PBXNativeTarget "Zhihu" */;
			buildPhases = (
				24096C8437D7D74AE821C6E9 /* Check Pods Manifest.lock */,
				656DB22F1C17F8F900155183 /* Sources */,
				656DB2301C17F8F900155183 /* Frameworks */,
				656DB2311C17F8F900155183 /* Resources */,
				8A9336ABE81C238FEEB2156D /* Embed Pods Frameworks */,
				40A06E06156F79233F8DC115 /* Copy Pods Resources */,
			);
			buildRules = (
			);
			dependencies = (
			);
			name = Zhihu;
			productName = Zhihu;
			productReference = 656DB2331C17F8F900155183 /* Zhihu.app */;
			productType = "com.apple.product-type.application";
		};
/* End PBXNativeTarget section */

/* Begin PBXProject section */
		656DB22B1C17F8F900155183 /* Project object */ = {
			isa = PBXProject;
			attributes = {
				LastUpgradeCheck = 0710;
				ORGANIZATIONNAME = Fay;
				TargetAttributes = {
					656DB2321C17F8F900155183 = {
						CreatedOnToolsVersion = 7.1;
						DevelopmentTeam = NRZG3Z79NX;
					};
				};
			};
			buildConfigurationList = 656DB22E1C17F8F900155183 /* Build configuration list for PBXProject "Zhihu" */;
			compatibilityVersion = "Xcode 3.2";
			developmentRegion = English;
			hasScannedForEncodings = 0;
			knownRegions = (
				en,
				Base,
				"zh-Hans",
			);
			mainGroup = 656DB22A1C17F8F900155183;
			productRefGroup = 656DB2341C17F8F900155183 /* Products */;
			projectDirPath = "";
			projectRoot = "";
			targets = (
				656DB2321C17F8F900155183 /* Zhihu */,
			);
		};
/* End PBXProject section */

/* Begin PBXResourcesBuildPhase section */
		656DB2311C17F8F900155183 /* Resources */ = {
			isa = PBXResourcesBuildPhase;
			buildActionMask = 2147483647;
			files = (
				658FD4F01C705F1400971A8F /* SVProgressHUD.bundle in Resources */,
				653EE1DC1C632B12000169F2 /* TopView.xib in Resources */,
				656DB2461C17F8F900155183 /* LaunchScreen.storyboard in Resources */,
				6518AFFC1C6CB47B0083248F /* ThemeCell.xib in Resources */,
				656DB2431C17F8F900155183 /* Assets.xcassets in Resources */,
				656DB2411C17F8F900155183 /* Main.storyboard in Resources */,
				651E8F731C6EDD5200D1BFFE /* EditorInfoCell.xib in Resources */,
				65BD0E9F1C6F49E2007DF4CB /* TencentOpenApi_IOS_Bundle.bundle in Resources */,
				656878421C313435003684F1 /* TableContentViewCell.xib in Resources */,
				65BD0E9C1C6F49E2007DF4CB /* WeiboSDK.bundle in Resources */,
			);
			runOnlyForDeploymentPostprocessing = 0;
		};
/* End PBXResourcesBuildPhase section */

/* Begin PBXShellScriptBuildPhase section */
		24096C8437D7D74AE821C6E9 /* Check Pods Manifest.lock */ = {
			isa = PBXShellScriptBuildPhase;
			buildActionMask = 2147483647;
			files = (
			);
			inputPaths = (
			);
			name = "Check Pods Manifest.lock";
			outputPaths = (
			);
			runOnlyForDeploymentPostprocessing = 0;
			shellPath = /bin/sh;
			shellScript = "diff \"${PODS_ROOT}/../Podfile.lock\" \"${PODS_ROOT}/Manifest.lock\" > /dev/null\nif [[ $? != 0 ]] ; then\n    cat << EOM\nerror: The sandbox is not in sync with the Podfile.lock. Run 'pod install' or update your CocoaPods installation.\nEOM\n    exit 1\nfi\n";
			showEnvVarsInLog = 0;
		};
		40A06E06156F79233F8DC115 /* Copy Pods Resources */ = {
			isa = PBXShellScriptBuildPhase;
			buildActionMask = 2147483647;
			files = (
			);
			inputPaths = (
			);
			name = "Copy Pods Resources";
			outputPaths = (
			);
			runOnlyForDeploymentPostprocessing = 0;
			shellPath = /bin/sh;
			shellScript = "\"${SRCROOT}/Pods/Target Support Files/Pods/Pods-resources.sh\"\n";
			showEnvVarsInLog = 0;
		};
		8A9336ABE81C238FEEB2156D /* Embed Pods Frameworks */ = {
			isa = PBXShellScriptBuildPhase;
			buildActionMask = 2147483647;
			files = (
			);
			inputPaths = (
			);
			name = "Embed Pods Frameworks";
			outputPaths = (
			);
			runOnlyForDeploymentPostprocessing = 0;
			shellPath = /bin/sh;
			shellScript = "\"${SRCROOT}/Pods/Target Support Files/Pods/Pods-frameworks.sh\"\n";
			showEnvVarsInLog = 0;
		};
/* End PBXShellScriptBuildPhase section */

/* Begin PBXSourcesBuildPhase section */
		656DB22F1C17F8F900155183 /* Sources */ = {
			isa = PBXSourcesBuildPhase;
			buildActionMask = 2147483647;
			files = (
				653EE1A71C60DD45000169F2 /* RefreshView.m in Sources */,
				651E8F6E1C6E3D9100D1BFFE /* EditorInfoViewController.m in Sources */,
				656878781C394E78003684F1 /* SectionModel.m in Sources */,
				653EE1B51C61E68C000169F2 /* DetailStoryModel.m in Sources */,
				6518AFFB1C6CB47B0083248F /* ThemeCell.m in Sources */,
				658FD4B31C6F8EB800971A8F /* WebImgScrollView.m in Sources */,
				653EE1D11C623002000169F2 /* DetailViewController.m in Sources */,
				6518AFEC1C6B78380083248F /* ThemeViewController.m in Sources */,
				6518AFFF1C6CB6DD0083248F /* ThemeData.m in Sources */,
				65BD0DB41C6EF9FE007DF4CB /* ContentCell.m in Sources */,
				6518B0021C6D62E50083248F /* EditoCell.m in Sources */,
				653EE1D71C626CCE000169F2 /* DetailFooterView.m in Sources */,
				65880E891C4104B40048C1CC /* HeaderView.m in Sources */,
				651392D61C1AA4FE0032FAD1 /* ParallaxHeaderView.m in Sources */,
				6518AFE51C6B780C0083248F /* ThemeNewsModel.m in Sources */,
				651E8F721C6EDD5200D1BFFE /* EditorInfoCell.m in Sources */,
				651392DC1C1AA5660032FAD1 /* UIImage+ImageEffects.m in Sources */,
				656DB23B1C17F8F900155183 /* AppDelegate.m in Sources */,
				65E785761C70786900761C29 /* NSMutableArray+Extension.m in Sources */,
				651392C71C1941740032FAD1 /* GradientView.m in Sources */,
				6541408E1C6A3F57007EEE0A /* UIViewController+Extension.m in Sources */,
				6525970A1C180724006B2A91 /* LanuchViewController.m in Sources */,
				651392C21C19399F0032FAD1 /* UIView+Extension.m in Sources */,
				65BD0DB11C6EF6D7007DF4CB /* HomeCell.m in Sources */,
				6518AFE91C6B780C0083248F /* TopImageView.m in Sources */,
				6518AFF41C6B90C40083248F /* ThemeTool.m in Sources */,
				651392CB1C1964A30032FAD1 /* SWRevealViewController.m in Sources */,
				653EE1AF1C61E25E000169F2 /* ContainerController.m in Sources */,
				6568782B1C2AB5BC003684F1 /* TopStoriesModel.m in Sources */,
				6518AFEF1C6B87E10083248F /* Theme.m in Sources */,
				656878721C394799003684F1 /* StoryModelTool.m in Sources */,
				652597001C1805CC006B2A91 /* MSWeakTimer.m in Sources */,
				653EE1D41C6231B6000169F2 /* DetailHeaderView.m in Sources */,
				653EE1BB1C61EBD0000169F2 /* DetailViewTool.m in Sources */,
				6518AFE61C6B780C0083248F /* ThemeNewsTool.m in Sources */,
				6518AFE41C6B780C0083248F /* EditorMoedel.m in Sources */,
				653EE1DA1C632AFC000169F2 /* TopView.m in Sources */,
				656878401C2FD4E9003684F1 /* NSString+Date.m in Sources */,
				658EA4581C5F4A6400E4726A /* DataSource.m in Sources */,
				656878371C2FAE19003684F1 /* TableContentViewCell.m in Sources */,
				651392D91C1AA52C0032FAD1 /* myUILabel.m in Sources */,
				651392D21C1973D50032FAD1 /* UINavigationBar+Awesome.m in Sources */,
				653EE1B21C61E393000169F2 /* ToolsTabbar.m in Sources */,
				656878751C394B33003684F1 /* HttpTool.m in Sources */,
				6568786B1C392566003684F1 /* PageViewController.m in Sources */,
				6568782E1C2F9749003684F1 /* StoriesModel.m in Sources */,
				652597041C1805F7006B2A91 /* JSAnimatedImagesView.m in Sources */,
				65BD0DAE1C6EF15E007DF4CB /* LeftMenuViewController.m in Sources */,
				6500502F1C6F81E100EBA4DF /* BrowserViewController.m in Sources */,
				656DB2381C17F8F900155183 /* main.m in Sources */,
				653EE1B81C61E6C5000169F2 /* StoryTabbarData.m in Sources */,
			);
			runOnlyForDeploymentPostprocessing = 0;
		};
/* End PBXSourcesBuildPhase section */

/* Begin PBXVariantGroup section */
		656DB23F1C17F8F900155183 /* Main.storyboard */ = {
			isa = PBXVariantGroup;
			children = (
				656DB2401C17F8F900155183 /* Base */,
			);
			name = Main.storyboard;
			sourceTree = "<group>";
		};
		656DB2441C17F8F900155183 /* LaunchScreen.storyboard */ = {
			isa = PBXVariantGroup;
			children = (
				656DB2451C17F8F900155183 /* Base */,
			);
			name = LaunchScreen.storyboard;
			sourceTree = "<group>";
		};
/* End PBXVariantGroup section */

/* Begin XCBuildConfiguration section */
		656DB2481C17F8F900155183 /* Debug */ = {
			isa = XCBuildConfiguration;
			buildSettings = {
				ALWAYS_SEARCH_USER_PATHS = NO;
				CLANG_CXX_LANGUAGE_STANDARD = "gnu++0x";
				CLANG_CXX_LIBRARY = "libc++";
				CLANG_ENABLE_MODULES = YES;
				CLANG_ENABLE_OBJC_ARC = YES;
				CLANG_WARN_BOOL_CONVERSION = YES;
				CLANG_WARN_CONSTANT_CONVERSION = YES;
				CLANG_WARN_DIRECT_OBJC_ISA_USAGE = YES_ERROR;
				CLANG_WARN_EMPTY_BODY = YES;
				CLANG_WARN_ENUM_CONVERSION = YES;
				CLANG_WARN_INT_CONVERSION = YES;
				CLANG_WARN_OBJC_ROOT_CLASS = YES_ERROR;
				CLANG_WARN_UNREACHABLE_CODE = YES;
				CLANG_WARN__DUPLICATE_METHOD_MATCH = YES;
				"CODE_SIGN_IDENTITY[sdk=iphoneos*]" = "iPhone Developer";
				COPY_PHASE_STRIP = NO;
				DEBUG_INFORMATION_FORMAT = dwarf;
				ENABLE_STRICT_OBJC_MSGSEND = YES;
				ENABLE_TESTABILITY = YES;
				GCC_C_LANGUAGE_STANDARD = gnu99;
				GCC_DYNAMIC_NO_PIC = NO;
				GCC_NO_COMMON_BLOCKS = YES;
				GCC_OPTIMIZATION_LEVEL = 0;
				GCC_PREPROCESSOR_DEFINITIONS = (
					"DEBUG=1",
					"$(inherited)",
				);
				GCC_WARN_64_TO_32_BIT_CONVERSION = YES;
				GCC_WARN_ABOUT_RETURN_TYPE = YES_ERROR;
				GCC_WARN_UNDECLARED_SELECTOR = YES;
				GCC_WARN_UNINITIALIZED_AUTOS = YES_AGGRESSIVE;
				GCC_WARN_UNUSED_FUNCTION = YES;
				GCC_WARN_UNUSED_VARIABLE = YES;
				IPHONEOS_DEPLOYMENT_TARGET = 9.1;
				MTL_ENABLE_DEBUG_INFO = YES;
				ONLY_ACTIVE_ARCH = YES;
				SDKROOT = iphoneos;
			};
			name = Debug;
		};
		656DB2491C17F8F900155183 /* Release */ = {
			isa = XCBuildConfiguration;
			buildSettings = {
				ALWAYS_SEARCH_USER_PATHS = NO;
				CLANG_CXX_LANGUAGE_STANDARD = "gnu++0x";
				CLANG_CXX_LIBRARY = "libc++";
				CLANG_ENABLE_MODULES = YES;
				CLANG_ENABLE_OBJC_ARC = YES;
				CLANG_WARN_BOOL_CONVERSION = YES;
				CLANG_WARN_CONSTANT_CONVERSION = YES;
				CLANG_WARN_DIRECT_OBJC_ISA_USAGE = YES_ERROR;
				CLANG_WARN_EMPTY_BODY = YES;
				CLANG_WARN_ENUM_CONVERSION = YES;
				CLANG_WARN_INT_CONVERSION = YES;
				CLANG_WARN_OBJC_ROOT_CLASS = YES_ERROR;
				CLANG_WARN_UNREACHABLE_CODE = YES;
				CLANG_WARN__DUPLICATE_METHOD_MATCH = YES;
				"CODE_SIGN_IDENTITY[sdk=iphoneos*]" = "iPhone Developer";
				COPY_PHASE_STRIP = NO;
				DEBUG_INFORMATION_FORMAT = "dwarf-with-dsym";
				ENABLE_NS_ASSERTIONS = NO;
				ENABLE_STRICT_OBJC_MSGSEND = YES;
				GCC_C_LANGUAGE_STANDARD = gnu99;
				GCC_NO_COMMON_BLOCKS = YES;
				GCC_WARN_64_TO_32_BIT_CONVERSION = YES;
				GCC_WARN_ABOUT_RETURN_TYPE = YES_ERROR;
				GCC_WARN_UNDECLARED_SELECTOR = YES;
				GCC_WARN_UNINITIALIZED_AUTOS = YES_AGGRESSIVE;
				GCC_WARN_UNUSED_FUNCTION = YES;
				GCC_WARN_UNUSED_VARIABLE = YES;
				IPHONEOS_DEPLOYMENT_TARGET = 9.1;
				MTL_ENABLE_DEBUG_INFO = NO;
				SDKROOT = iphoneos;
				VALIDATE_PRODUCT = YES;
			};
			name = Release;
		};
		656DB24B1C17F8F900155183 /* Debug */ = {
			isa = XCBuildConfiguration;
			baseConfigurationReference = 0F9ED29E0116517909E46F6C /* Pods.debug.xcconfig */;
			buildSettings = {
				ASSETCATALOG_COMPILER_APPICON_NAME = AppIcon;
				CLANG_ENABLE_MODULES = YES;
				CODE_SIGN_IDENTITY = "iPhone Developer";
				ENABLE_BITCODE = NO;
				FRAMEWORK_SEARCH_PATHS = (
					"$(inherited)",
					"$(PROJECT_DIR)/Zhihu/Classes/UMSocial_Sdk_Extra_Frameworks/TencentOpenAPI",
					"$(PROJECT_DIR)/Zhihu/UMSocial_Sdk_Extra_Frameworks/TencentOpenAPI",
				);
				GCC_PREFIX_HEADER = "$(SRCROOT)/Zhihu/PrefixHeader.pch";
				INFOPLIST_FILE = Zhihu/Info.plist;
				IPHONEOS_DEPLOYMENT_TARGET = 8.3;
				LD_RUNPATH_SEARCH_PATHS = "$(inherited) @executable_path/Frameworks";
				LIBRARY_SEARCH_PATHS = (
					"$(inherited)",
					"$(PROJECT_DIR)/Zhihu/Classes/UMSocial_Sdk_5.0",
					"$(PROJECT_DIR)/Zhihu/Classes/UMSocial_Sdk_Extra_Frameworks/SinaSSO",
					"$(PROJECT_DIR)/Zhihu/Classes/UMSocial_Sdk_Extra_Frameworks/TencentOpenAPI",
					"$(PROJECT_DIR)/Zhihu/Classes/UMSocial_Sdk_Extra_Frameworks/Wechat",
					"$(PROJECT_DIR)/Zhihu/UMSocial_Sdk_Extra_Frameworks/SinaSSO",
					"$(PROJECT_DIR)/Zhihu/UMSocial_Sdk_Extra_Frameworks/TencentOpenAPI",
					"$(PROJECT_DIR)/Zhihu/UMSocial_Sdk_Extra_Frameworks/Wechat",
				);
				PRODUCT_BUNDLE_IDENTIFIER = com.fay.Zhihu;
				PRODUCT_NAME = "$(TARGET_NAME)";
				SWIFT_OPTIMIZATION_LEVEL = "-Onone";
				USER_HEADER_SEARCH_PATHS = "";
			};
			name = Debug;
		};
		656DB24C1C17F8F900155183 /* Release */ = {
			isa = XCBuildConfiguration;
			baseConfigurationReference = 0F8283F5937A732919D95E7F /* Pods.release.xcconfig */;
			buildSettings = {
				ASSETCATALOG_COMPILER_APPICON_NAME = AppIcon;
				CLANG_ENABLE_MODULES = YES;
				CODE_SIGN_IDENTITY = "iPhone Developer";
				ENABLE_BITCODE = NO;
				FRAMEWORK_SEARCH_PATHS = (
					"$(inherited)",
					"$(PROJECT_DIR)/Zhihu/Classes/UMSocial_Sdk_Extra_Frameworks/TencentOpenAPI",
					"$(PROJECT_DIR)/Zhihu/UMSocial_Sdk_Extra_Frameworks/TencentOpenAPI",
				);
				GCC_PREFIX_HEADER = "$(SRCROOT)/Zhihu/PrefixHeader.pch";
				INFOPLIST_FILE = Zhihu/Info.plist;
				IPHONEOS_DEPLOYMENT_TARGET = 8.3;
				LD_RUNPATH_SEARCH_PATHS = "$(inherited) @executable_path/Frameworks";
				LIBRARY_SEARCH_PATHS = (
					"$(inherited)",
					"$(PROJECT_DIR)/Zhihu/Classes/UMSocial_Sdk_5.0",
					"$(PROJECT_DIR)/Zhihu/Classes/UMSocial_Sdk_Extra_Frameworks/SinaSSO",
					"$(PROJECT_DIR)/Zhihu/Classes/UMSocial_Sdk_Extra_Frameworks/TencentOpenAPI",
					"$(PROJECT_DIR)/Zhihu/Classes/UMSocial_Sdk_Extra_Frameworks/Wechat",
					"$(PROJECT_DIR)/Zhihu/UMSocial_Sdk_Extra_Frameworks/SinaSSO",
					"$(PROJECT_DIR)/Zhihu/UMSocial_Sdk_Extra_Frameworks/TencentOpenAPI",
					"$(PROJECT_DIR)/Zhihu/UMSocial_Sdk_Extra_Frameworks/Wechat",
				);
				PRODUCT_BUNDLE_IDENTIFIER = com.fay.Zhihu;
				PRODUCT_NAME = "$(TARGET_NAME)";
				USER_HEADER_SEARCH_PATHS = "";
			};
			name = Release;
		};
/* End XCBuildConfiguration section */

/* Begin XCConfigurationList section */
		656DB22E1C17F8F900155183 /* Build configuration list for PBXProject "Zhihu" */ = {
			isa = XCConfigurationList;
			buildConfigurations = (
				656DB2481C17F8F900155183 /* Debug */,
				656DB2491C17F8F900155183 /* Release */,
			);
			defaultConfigurationIsVisible = 0;
			defaultConfigurationName = Release;
		};
		656DB24A1C17F8F900155183 /* Build configuration list for PBXNativeTarget "Zhihu" */ = {
			isa = XCConfigurationList;
			buildConfigurations = (
				656DB24B1C17F8F900155183 /* Debug */,
				656DB24C1C17F8F900155183 /* Release */,
			);
			defaultConfigurationIsVisible = 0;
			defaultConfigurationName = Release;
		};
/* End XCConfigurationList section */
	};
	rootObject = 656DB22B1C17F8F900155183 /* Project object */;
}
