// !$*UTF8*$!
{
	archiveVersion = 1;
	classes = {
	};
	objectVersion = 46;
	objects = {

/* Begin PBXBuildFile section */
		295DFAA1CD5148F839EB3FEB /* libPods.a in Frameworks */ = {isa = PBXBuildFile; fileRef = 5F072E6936C5541AFF862D10 /* libPods.a */; };
		651392C21C19399F0032FAD1 /* UIView+Extension.m in Sources */ = {isa = PBXBuildFile; fileRef = 651392C11C19399F0032FAD1 /* UIView+Extension.m */; };
		651392C71C1941740032FAD1 /* GradientView.m in Sources */ = {isa = PBXBuildFile; fileRef = 651392C61C1941740032FAD1 /* GradientView.m */; };
		651392CB1C1964A30032FAD1 /* SWRevealViewController.m in Sources */ = {isa = PBXBuildFile; fileRef = 651392CA1C1964A30032FAD1 /* SWRevealViewController.m */; };
		651392CF1C1965750032FAD1 /* SideMenuViewController.m in Sources */ = {isa = PBXBuildFile; fileRef = 651392CE1C1965750032FAD1 /* SideMenuViewController.m */; };
		651392D21C1973D50032FAD1 /* UINavigationBar+Awesome.m in Sources */ = {isa = PBXBuildFile; fileRef = 651392D11C1973D50032FAD1 /* UINavigationBar+Awesome.m */; };
		651392D61C1AA4FE0032FAD1 /* ParallaxHeaderView.m in Sources */ = {isa = PBXBuildFile; fileRef = 651392D51C1AA4FE0032FAD1 /* ParallaxHeaderView.m */; };
		651392D91C1AA52C0032FAD1 /* myUILabel.m in Sources */ = {isa = PBXBuildFile; fileRef = 651392D81C1AA52C0032FAD1 /* myUILabel.m */; };
		651392DC1C1AA5660032FAD1 /* UIImage+ImageEffects.m in Sources */ = {isa = PBXBuildFile; fileRef = 651392DB1C1AA5660032FAD1 /* UIImage+ImageEffects.m */; };
		651392E11C1AF0A10032FAD1 /* ItemsView.m in Sources */ = {isa = PBXBuildFile; fileRef = 651392E01C1AF0A10032FAD1 /* ItemsView.m */; };
		651392E31C1AF0C30032FAD1 /* ItemsView.xib in Resources */ = {isa = PBXBuildFile; fileRef = 651392E21C1AF0C30032FAD1 /* ItemsView.xib */; };
		652597001C1805CC006B2A91 /* MSWeakTimer.m in Sources */ = {isa = PBXBuildFile; fileRef = 652596FF1C1805CC006B2A91 /* MSWeakTimer.m */; };
		652597041C1805F7006B2A91 /* JSAnimatedImagesView.m in Sources */ = {isa = PBXBuildFile; fileRef = 652597031C1805F7006B2A91 /* JSAnimatedImagesView.m */; };
		6525970A1C180724006B2A91 /* LanuchViewController.m in Sources */ = {isa = PBXBuildFile; fileRef = 652597091C180724006B2A91 /* LanuchViewController.m */; };
		6525970F1C18167D006B2A91 /* MainViewController.m in Sources */ = {isa = PBXBuildFile; fileRef = 6525970E1C18167D006B2A91 /* MainViewController.m */; };
		6568782B1C2AB5BC003684F1 /* TopStoriesModel.m in Sources */ = {isa = PBXBuildFile; fileRef = 6568782A1C2AB5BC003684F1 /* TopStoriesModel.m */; };
		6568782E1C2F9749003684F1 /* StoriesModel.m in Sources */ = {isa = PBXBuildFile; fileRef = 6568782D1C2F9749003684F1 /* StoriesModel.m */; };
		656878371C2FAE19003684F1 /* TableContentViewCell.m in Sources */ = {isa = PBXBuildFile; fileRef = 656878361C2FAE19003684F1 /* TableContentViewCell.m */; };
		6568783A1C2FB0C3003684F1 /* TableSeparatorViewCell.m in Sources */ = {isa = PBXBuildFile; fileRef = 656878391C2FB0C3003684F1 /* TableSeparatorViewCell.m */; };
		656878401C2FD4E9003684F1 /* NSString+Date.m in Sources */ = {isa = PBXBuildFile; fileRef = 6568783F1C2FD4E9003684F1 /* NSString+Date.m */; };
		656878421C313435003684F1 /* TableContentViewCell.xib in Resources */ = {isa = PBXBuildFile; fileRef = 656878411C313435003684F1 /* TableContentViewCell.xib */; };
		656878441C3135A5003684F1 /* TableSeparatorViewCell.xib in Resources */ = {isa = PBXBuildFile; fileRef = 656878431C3135A5003684F1 /* TableSeparatorViewCell.xib */; };
		6568786B1C392566003684F1 /* PageViewController.m in Sources */ = {isa = PBXBuildFile; fileRef = 6568786A1C392566003684F1 /* PageViewController.m */; };
		656878721C394799003684F1 /* StoryModelTool.m in Sources */ = {isa = PBXBuildFile; fileRef = 656878711C394799003684F1 /* StoryModelTool.m */; };
		656878751C394B33003684F1 /* HttpTool.m in Sources */ = {isa = PBXBuildFile; fileRef = 656878741C394B33003684F1 /* HttpTool.m */; };
		656878781C394E78003684F1 /* SectionModel.m in Sources */ = {isa = PBXBuildFile; fileRef = 656878771C394E78003684F1 /* SectionModel.m */; };
		656DB2381C17F8F900155183 /* main.m in Sources */ = {isa = PBXBuildFile; fileRef = 656DB2371C17F8F900155183 /* main.m */; };
		656DB23B1C17F8F900155183 /* AppDelegate.m in Sources */ = {isa = PBXBuildFile; fileRef = 656DB23A1C17F8F900155183 /* AppDelegate.m */; };
		656DB2411C17F8F900155183 /* Main.storyboard in Resources */ = {isa = PBXBuildFile; fileRef = 656DB23F1C17F8F900155183 /* Main.storyboard */; };
		656DB2431C17F8F900155183 /* Assets.xcassets in Resources */ = {isa = PBXBuildFile; fileRef = 656DB2421C17F8F900155183 /* Assets.xcassets */; };
		656DB2461C17F8F900155183 /* LaunchScreen.storyboard in Resources */ = {isa = PBXBuildFile; fileRef = 656DB2441C17F8F900155183 /* LaunchScreen.storyboard */; };
		65880E891C4104B40048C1CC /* HeaderView.m in Sources */ = {isa = PBXBuildFile; fileRef = 65880E881C4104B40048C1CC /* HeaderView.m */; };
		658EA4581C5F4A6400E4726A /* DataSource.m in Sources */ = {isa = PBXBuildFile; fileRef = 658EA4571C5F4A6400E4726A /* DataSource.m */; };
/* End PBXBuildFile section */

/* Begin PBXFileReference section */
		0F8283F5937A732919D95E7F /* Pods.release.xcconfig */ = {isa = PBXFileReference; includeInIndex = 1; lastKnownFileType = text.xcconfig; name = Pods.release.xcconfig; path = "Pods/Target Support Files/Pods/Pods.release.xcconfig"; sourceTree = "<group>"; };
		0F9ED29E0116517909E46F6C /* Pods.debug.xcconfig */ = {isa = PBXFileReference; includeInIndex = 1; lastKnownFileType = text.xcconfig; name = Pods.debug.xcconfig; path = "Pods/Target Support Files/Pods/Pods.debug.xcconfig"; sourceTree = "<group>"; };
		5F072E6936C5541AFF862D10 /* libPods.a */ = {isa = PBXFileReference; explicitFileType = archive.ar; includeInIndex = 0; path = libPods.a; sourceTree = BUILT_PRODUCTS_DIR; };
		651392C01C19399F0032FAD1 /* UIView+Extension.h */ = {isa = PBXFileReference; fileEncoding = 4; lastKnownFileType = sourcecode.c.h; path = "UIView+Extension.h"; sourceTree = "<group>"; };
		651392C11C19399F0032FAD1 /* UIView+Extension.m */ = {isa = PBXFileReference; fileEncoding = 4; lastKnownFileType = sourcecode.c.objc; path = "UIView+Extension.m"; sourceTree = "<group>"; };
		651392C31C193A230032FAD1 /* PrefixHeader.pch */ = {isa = PBXFileReference; lastKnownFileType = sourcecode.c.h; path = PrefixHeader.pch; sourceTree = "<group>"; };
		651392C51C1941740032FAD1 /* GradientView.h */ = {isa = PBXFileReference; fileEncoding = 4; lastKnownFileType = sourcecode.c.h; path = GradientView.h; sourceTree = "<group>"; };
		651392C61C1941740032FAD1 /* GradientView.m */ = {isa = PBXFileReference; fileEncoding = 4; lastKnownFileType = sourcecode.c.objc; path = GradientView.m; sourceTree = "<group>"; };
		651392C91C1964A30032FAD1 /* SWRevealViewController.h */ = {isa = PBXFileReference; fileEncoding = 4; lastKnownFileType = sourcecode.c.h; path = SWRevealViewController.h; sourceTree = "<group>"; };
		651392CA1C1964A30032FAD1 /* SWRevealViewController.m */ = {isa = PBXFileReference; fileEncoding = 4; lastKnownFileType = sourcecode.c.objc; path = SWRevealViewController.m; sourceTree = "<group>"; };
		651392CD1C1965750032FAD1 /* SideMenuViewController.h */ = {isa = PBXFileReference; fileEncoding = 4; lastKnownFileType = sourcecode.c.h; name = SideMenuViewController.h; path = ../SideMenuViewController.h; sourceTree = "<group>"; };
		651392CE1C1965750032FAD1 /* SideMenuViewController.m */ = {isa = PBXFileReference; fileEncoding = 4; lastKnownFileType = sourcecode.c.objc; name = SideMenuViewController.m; path = ../SideMenuViewController.m; sourceTree = "<group>"; };
		651392D01C1973D50032FAD1 /* UINavigationBar+Awesome.h */ = {isa = PBXFileReference; fileEncoding = 4; lastKnownFileType = sourcecode.c.h; path = "UINavigationBar+Awesome.h"; sourceTree = "<group>"; };
		651392D11C1973D50032FAD1 /* UINavigationBar+Awesome.m */ = {isa = PBXFileReference; fileEncoding = 4; lastKnownFileType = sourcecode.c.objc; path = "UINavigationBar+Awesome.m"; sourceTree = "<group>"; };
		651392D41C1AA4FE0032FAD1 /* ParallaxHeaderView.h */ = {isa = PBXFileReference; fileEncoding = 4; lastKnownFileType = sourcecode.c.h; path = ParallaxHeaderView.h; sourceTree = "<group>"; };
		651392D51C1AA4FE0032FAD1 /* ParallaxHeaderView.m */ = {isa = PBXFileReference; fileEncoding = 4; lastKnownFileType = sourcecode.c.objc; path = ParallaxHeaderView.m; sourceTree = "<group>"; };
		651392D71C1AA52C0032FAD1 /* myUILabel.h */ = {isa = PBXFileReference; fileEncoding = 4; lastKnownFileType = sourcecode.c.h; path = myUILabel.h; sourceTree = "<group>"; };
		651392D81C1AA52C0032FAD1 /* myUILabel.m */ = {isa = PBXFileReference; fileEncoding = 4; lastKnownFileType = sourcecode.c.objc; path = myUILabel.m; sourceTree = "<group>"; };
		651392DA1C1AA5660032FAD1 /* UIImage+ImageEffects.h */ = {isa = PBXFileReference; fileEncoding = 4; lastKnownFileType = sourcecode.c.h; path = "UIImage+ImageEffects.h"; sourceTree = "<group>"; };
		651392DB1C1AA5660032FAD1 /* UIImage+ImageEffects.m */ = {isa = PBXFileReference; fileEncoding = 4; lastKnownFileType = sourcecode.c.objc; path = "UIImage+ImageEffects.m"; sourceTree = "<group>"; };
		651392DF1C1AF0A10032FAD1 /* ItemsView.h */ = {isa = PBXFileReference; fileEncoding = 4; lastKnownFileType = sourcecode.c.h; path = ItemsView.h; sourceTree = "<group>"; };
		651392E01C1AF0A10032FAD1 /* ItemsView.m */ = {isa = PBXFileReference; fileEncoding = 4; lastKnownFileType = sourcecode.c.objc; path = ItemsView.m; sourceTree = "<group>"; };
		651392E21C1AF0C30032FAD1 /* ItemsView.xib */ = {isa = PBXFileReference; fileEncoding = 4; lastKnownFileType = file.xib; path = ItemsView.xib; sourceTree = "<group>"; };
		652596FE1C1805CC006B2A91 /* MSWeakTimer.h */ = {isa = PBXFileReference; fileEncoding = 4; lastKnownFileType = sourcecode.c.h; path = MSWeakTimer.h; sourceTree = "<group>"; };
		652596FF1C1805CC006B2A91 /* MSWeakTimer.m */ = {isa = PBXFileReference; fileEncoding = 4; lastKnownFileType = sourcecode.c.objc; path = MSWeakTimer.m; sourceTree = "<group>"; };
		652597021C1805F7006B2A91 /* JSAnimatedImagesView.h */ = {isa = PBXFileReference; fileEncoding = 4; lastKnownFileType = sourcecode.c.h; path = JSAnimatedImagesView.h; sourceTree = "<group>"; };
		652597031C1805F7006B2A91 /* JSAnimatedImagesView.m */ = {isa = PBXFileReference; fileEncoding = 4; lastKnownFileType = sourcecode.c.objc; path = JSAnimatedImagesView.m; sourceTree = "<group>"; };
		652597081C180724006B2A91 /* LanuchViewController.h */ = {isa = PBXFileReference; fileEncoding = 4; lastKnownFileType = sourcecode.c.h; path = LanuchViewController.h; sourceTree = "<group>"; };
		652597091C180724006B2A91 /* LanuchViewController.m */ = {isa = PBXFileReference; fileEncoding = 4; lastKnownFileType = sourcecode.c.objc; path = LanuchViewController.m; sourceTree = "<group>"; };
		6525970D1C18167D006B2A91 /* MainViewController.h */ = {isa = PBXFileReference; fileEncoding = 4; lastKnownFileType = sourcecode.c.h; path = MainViewController.h; sourceTree = "<group>"; };
		6525970E1C18167D006B2A91 /* MainViewController.m */ = {isa = PBXFileReference; fileEncoding = 4; lastKnownFileType = sourcecode.c.objc; path = MainViewController.m; sourceTree = "<group>"; };
		656878291C2AB5BC003684F1 /* TopStoriesModel.h */ = {isa = PBXFileReference; fileEncoding = 4; lastKnownFileType = sourcecode.c.h; path = TopStoriesModel.h; sourceTree = "<group>"; };
		6568782A1C2AB5BC003684F1 /* TopStoriesModel.m */ = {isa = PBXFileReference; fileEncoding = 4; lastKnownFileType = sourcecode.c.objc; path = TopStoriesModel.m; sourceTree = "<group>"; };
		6568782C1C2F9749003684F1 /* StoriesModel.h */ = {isa = PBXFileReference; fileEncoding = 4; lastKnownFileType = sourcecode.c.h; path = StoriesModel.h; sourceTree = "<group>"; };
		6568782D1C2F9749003684F1 /* StoriesModel.m */ = {isa = PBXFileReference; fileEncoding = 4; lastKnownFileType = sourcecode.c.objc; path = StoriesModel.m; sourceTree = "<group>"; };
		656878351C2FAE19003684F1 /* TableContentViewCell.h */ = {isa = PBXFileReference; fileEncoding = 4; lastKnownFileType = sourcecode.c.h; path = TableContentViewCell.h; sourceTree = "<group>"; };
		656878361C2FAE19003684F1 /* TableContentViewCell.m */ = {isa = PBXFileReference; fileEncoding = 4; lastKnownFileType = sourcecode.c.objc; path = TableContentViewCell.m; sourceTree = "<group>"; };
		656878381C2FB0C3003684F1 /* TableSeparatorViewCell.h */ = {isa = PBXFileReference; fileEncoding = 4; lastKnownFileType = sourcecode.c.h; path = TableSeparatorViewCell.h; sourceTree = "<group>"; };
		656878391C2FB0C3003684F1 /* TableSeparatorViewCell.m */ = {isa = PBXFileReference; fileEncoding = 4; lastKnownFileType = sourcecode.c.objc; path = TableSeparatorViewCell.m; sourceTree = "<group>"; };
		6568783E1C2FD4E9003684F1 /* NSString+Date.h */ = {isa = PBXFileReference; fileEncoding = 4; lastKnownFileType = sourcecode.c.h; path = "NSString+Date.h"; sourceTree = "<group>"; };
		6568783F1C2FD4E9003684F1 /* NSString+Date.m */ = {isa = PBXFileReference; fileEncoding = 4; lastKnownFileType = sourcecode.c.objc; path = "NSString+Date.m"; sourceTree = "<group>"; };
		656878411C313435003684F1 /* TableContentViewCell.xib */ = {isa = PBXFileReference; fileEncoding = 4; lastKnownFileType = file.xib; path = TableContentViewCell.xib; sourceTree = "<group>"; };
		656878431C3135A5003684F1 /* TableSeparatorViewCell.xib */ = {isa = PBXFileReference; fileEncoding = 4; lastKnownFileType = file.xib; path = TableSeparatorViewCell.xib; sourceTree = "<group>"; };
		656878691C392566003684F1 /* PageViewController.h */ = {isa = PBXFileReference; fileEncoding = 4; lastKnownFileType = sourcecode.c.h; path = PageViewController.h; sourceTree = "<group>"; };
		6568786A1C392566003684F1 /* PageViewController.m */ = {isa = PBXFileReference; fileEncoding = 4; lastKnownFileType = sourcecode.c.objc; path = PageViewController.m; sourceTree = "<group>"; };
		656878701C394799003684F1 /* StoryModelTool.h */ = {isa = PBXFileReference; fileEncoding = 4; lastKnownFileType = sourcecode.c.h; path = StoryModelTool.h; sourceTree = "<group>"; };
		656878711C394799003684F1 /* StoryModelTool.m */ = {isa = PBXFileReference; fileEncoding = 4; lastKnownFileType = sourcecode.c.objc; path = StoryModelTool.m; sourceTree = "<group>"; };
		656878731C394B33003684F1 /* HttpTool.h */ = {isa = PBXFileReference; fileEncoding = 4; lastKnownFileType = sourcecode.c.h; path = HttpTool.h; sourceTree = "<group>"; };
		656878741C394B33003684F1 /* HttpTool.m */ = {isa = PBXFileReference; fileEncoding = 4; lastKnownFileType = sourcecode.c.objc; path = HttpTool.m; sourceTree = "<group>"; };
		656878761C394E78003684F1 /* SectionModel.h */ = {isa = PBXFileReference; fileEncoding = 4; lastKnownFileType = sourcecode.c.h; path = SectionModel.h; sourceTree = "<group>"; };
		656878771C394E78003684F1 /* SectionModel.m */ = {isa = PBXFileReference; fileEncoding = 4; lastKnownFileType = sourcecode.c.objc; path = SectionModel.m; sourceTree = "<group>"; };
		656DB2331C17F8F900155183 /* Zhihu.app */ = {isa = PBXFileReference; explicitFileType = wrapper.application; includeInIndex = 0; path = Zhihu.app; sourceTree = BUILT_PRODUCTS_DIR; };
		656DB2371C17F8F900155183 /* main.m */ = {isa = PBXFileReference; lastKnownFileType = sourcecode.c.objc; path = main.m; sourceTree = "<group>"; };
		656DB2391C17F8F900155183 /* AppDelegate.h */ = {isa = PBXFileReference; lastKnownFileType = sourcecode.c.h; name = AppDelegate.h; path = ../../AppDelegate.h; sourceTree = "<group>"; };
		656DB23A1C17F8F900155183 /* AppDelegate.m */ = {isa = PBXFileReference; lastKnownFileType = sourcecode.c.objc; name = AppDelegate.m; path = ../../AppDelegate.m; sourceTree = "<group>"; };
		656DB2401C17F8F900155183 /* Base */ = {isa = PBXFileReference; lastKnownFileType = file.storyboard; name = Base; path = Base.lproj/Main.storyboard; sourceTree = "<group>"; };
		656DB2421C17F8F900155183 /* Assets.xcassets */ = {isa = PBXFileReference; lastKnownFileType = folder.assetcatalog; path = Assets.xcassets; sourceTree = "<group>"; };
		656DB2451C17F8F900155183 /* Base */ = {isa = PBXFileReference; lastKnownFileType = file.storyboard; name = Base; path = Base.lproj/LaunchScreen.storyboard; sourceTree = "<group>"; };
		656DB2471C17F8F900155183 /* Info.plist */ = {isa = PBXFileReference; lastKnownFileType = text.plist.xml; path = Info.plist; sourceTree = "<group>"; };
		65880E871C4104B40048C1CC /* HeaderView.h */ = {isa = PBXFileReference; fileEncoding = 4; lastKnownFileType = sourcecode.c.h; path = HeaderView.h; sourceTree = "<group>"; };
		65880E881C4104B40048C1CC /* HeaderView.m */ = {isa = PBXFileReference; fileEncoding = 4; lastKnownFileType = sourcecode.c.objc; path = HeaderView.m; sourceTree = "<group>"; };
		65880E8B1C4125400048C1CC /* Constant.h */ = {isa = PBXFileReference; fileEncoding = 4; lastKnownFileType = sourcecode.c.h; path = Constant.h; sourceTree = "<group>"; };
		658EA4561C5F4A6400E4726A /* DataSource.h */ = {isa = PBXFileReference; fileEncoding = 4; lastKnownFileType = sourcecode.c.h; path = DataSource.h; sourceTree = "<group>"; };
		658EA4571C5F4A6400E4726A /* DataSource.m */ = {isa = PBXFileReference; fileEncoding = 4; lastKnownFileType = sourcecode.c.objc; path = DataSource.m; sourceTree = "<group>"; };
/* End PBXFileReference section */

/* Begin PBXFrameworksBuildPhase section */
		656DB2301C17F8F900155183 /* Frameworks */ = {
			isa = PBXFrameworksBuildPhase;
			buildActionMask = 2147483647;
			files = (
				295DFAA1CD5148F839EB3FEB /* libPods.a in Frameworks */,
			);
			runOnlyForDeploymentPostprocessing = 0;
		};
/* End PBXFrameworksBuildPhase section */

/* Begin PBXGroup section */
		1BD832FA8D026B33D36C56DA /* Pods */ = {
			isa = PBXGroup;
			children = (
				0F9ED29E0116517909E46F6C /* Pods.debug.xcconfig */,
				0F8283F5937A732919D95E7F /* Pods.release.xcconfig */,
			);
			name = Pods;
			sourceTree = "<group>";
		};
		651392BF1C1939990032FAD1 /* Catagory */ = {
			isa = PBXGroup;
			children = (
				651392D01C1973D50032FAD1 /* UINavigationBar+Awesome.h */,
				651392D11C1973D50032FAD1 /* UINavigationBar+Awesome.m */,
				651392C01C19399F0032FAD1 /* UIView+Extension.h */,
				651392C11C19399F0032FAD1 /* UIView+Extension.m */,
				651392DA1C1AA5660032FAD1 /* UIImage+ImageEffects.h */,
				651392DB1C1AA5660032FAD1 /* UIImage+ImageEffects.m */,
				6568783E1C2FD4E9003684F1 /* NSString+Date.h */,
				6568783F1C2FD4E9003684F1 /* NSString+Date.m */,
			);
			name = Catagory;
			path = Lib/Catagory;
			sourceTree = "<group>";
		};
		651392C41C19415E0032FAD1 /* GradientView */ = {
			isa = PBXGroup;
			children = (
				651392C51C1941740032FAD1 /* GradientView.h */,
				651392C61C1941740032FAD1 /* GradientView.m */,
			);
			path = GradientView;
			sourceTree = "<group>";
		};
		651392C81C1964980032FAD1 /* SWRevealViewController */ = {
			isa = PBXGroup;
			children = (
				651392C91C1964A30032FAD1 /* SWRevealViewController.h */,
				651392CA1C1964A30032FAD1 /* SWRevealViewController.m */,
			);
			path = SWRevealViewController;
			sourceTree = "<group>";
		};
		651392CC1C19653D0032FAD1 /* SideMenuViewController */ = {
			isa = PBXGroup;
			children = (
				651392DD1C1AEFD50032FAD1 /* Controller */,
				651392DE1C1AEFD50032FAD1 /* View */,
			);
			name = SideMenuViewController;
			path = AppDelegate/Main/SideMenuViewController;
			sourceTree = "<group>";
		};
		651392D31C1AA4F40032FAD1 /* ParallaxHeaderView */ = {
			isa = PBXGroup;
			children = (
				651392D71C1AA52C0032FAD1 /* myUILabel.h */,
				651392D81C1AA52C0032FAD1 /* myUILabel.m */,
				651392D41C1AA4FE0032FAD1 /* ParallaxHeaderView.h */,
				651392D51C1AA4FE0032FAD1 /* ParallaxHeaderView.m */,
			);
			path = ParallaxHeaderView;
			sourceTree = "<group>";
		};
		651392DD1C1AEFD50032FAD1 /* Controller */ = {
			isa = PBXGroup;
			children = (
				651392CD1C1965750032FAD1 /* SideMenuViewController.h */,
				651392CE1C1965750032FAD1 /* SideMenuViewController.m */,
			);
			path = Controller;
			sourceTree = "<group>";
		};
		651392DE1C1AEFD50032FAD1 /* View */ = {
			isa = PBXGroup;
			children = (
				651392DF1C1AF0A10032FAD1 /* ItemsView.h */,
				651392E01C1AF0A10032FAD1 /* ItemsView.m */,
				651392E21C1AF0C30032FAD1 /* ItemsView.xib */,
			);
			path = View;
			sourceTree = "<group>";
		};
		652596F51C180410006B2A91 /* Classes */ = {
			isa = PBXGroup;
			children = (
				651392BF1C1939990032FAD1 /* Catagory */,
				6525970B1C181667006B2A91 /* Main */,
				651392CC1C19653D0032FAD1 /* SideMenuViewController */,
				652596F81C18042C006B2A91 /* AppDelegate */,
				652596F61C180410006B2A91 /* LaunchViewController */,
				652596F71C180410006B2A91 /* Lib */,
			);
			path = Classes;
			sourceTree = "<group>";
		};
		652596F61C180410006B2A91 /* LaunchViewController */ = {
			isa = PBXGroup;
			children = (
				652597081C180724006B2A91 /* LanuchViewController.h */,
				652597091C180724006B2A91 /* LanuchViewController.m */,
			);
			path = LaunchViewController;
			sourceTree = "<group>";
		};
		652596F71C180410006B2A91 /* Lib */ = {
			isa = PBXGroup;
			children = (
				651392D31C1AA4F40032FAD1 /* ParallaxHeaderView */,
				651392C81C1964980032FAD1 /* SWRevealViewController */,
				651392C41C19415E0032FAD1 /* GradientView */,
				652596FC1C1805BC006B2A91 /* JSAnimated */,
			);
			path = Lib;
			sourceTree = "<group>";
		};
		652596F81C18042C006B2A91 /* AppDelegate */ = {
			isa = PBXGroup;
			children = (
				656DB2391C17F8F900155183 /* AppDelegate.h */,
				656DB23A1C17F8F900155183 /* AppDelegate.m */,
			);
			path = AppDelegate;
			sourceTree = "<group>";
		};
		652596FC1C1805BC006B2A91 /* JSAnimated */ = {
			isa = PBXGroup;
			children = (
				652597011C1805EF006B2A91 /* JSAnimatedImagesView */,
				652596FD1C1805CC006B2A91 /* MSWeakTimer */,
			);
			path = JSAnimated;
			sourceTree = "<group>";
		};
		652596FD1C1805CC006B2A91 /* MSWeakTimer */ = {
			isa = PBXGroup;
			children = (
				652596FE1C1805CC006B2A91 /* MSWeakTimer.h */,
				652596FF1C1805CC006B2A91 /* MSWeakTimer.m */,
			);
			path = MSWeakTimer;
			sourceTree = "<group>";
		};
		652597011C1805EF006B2A91 /* JSAnimatedImagesView */ = {
			isa = PBXGroup;
			children = (
				652597021C1805F7006B2A91 /* JSAnimatedImagesView.h */,
				652597031C1805F7006B2A91 /* JSAnimatedImagesView.m */,
			);
			path = JSAnimatedImagesView;
			sourceTree = "<group>";
		};
		6525970B1C181667006B2A91 /* Main */ = {
			isa = PBXGroup;
			children = (
				6568786F1C39477C003684F1 /* Tool */,
				656878321C2FAC5D003684F1 /* View */,
				656878281C2AB597003684F1 /* Model */,
				6525970C1C181667006B2A91 /* Controller */,
			);
			name = Main;
			path = AppDelegate/Main;
			sourceTree = "<group>";
		};
		6525970C1C181667006B2A91 /* Controller */ = {
			isa = PBXGroup;
			children = (
				6525970D1C18167D006B2A91 /* MainViewController.h */,
				6525970E1C18167D006B2A91 /* MainViewController.m */,
				656878691C392566003684F1 /* PageViewController.h */,
				6568786A1C392566003684F1 /* PageViewController.m */,
			);
			path = Controller;
			sourceTree = "<group>";
		};
		656878281C2AB597003684F1 /* Model */ = {
			isa = PBXGroup;
			children = (
				656878761C394E78003684F1 /* SectionModel.h */,
				656878771C394E78003684F1 /* SectionModel.m */,
				6568782C1C2F9749003684F1 /* StoriesModel.h */,
				6568782D1C2F9749003684F1 /* StoriesModel.m */,
				656878291C2AB5BC003684F1 /* TopStoriesModel.h */,
				6568782A1C2AB5BC003684F1 /* TopStoriesModel.m */,
			);
			path = Model;
			sourceTree = "<group>";
		};
		656878321C2FAC5D003684F1 /* View */ = {
			isa = PBXGroup;
			children = (
				656878351C2FAE19003684F1 /* TableContentViewCell.h */,
				656878361C2FAE19003684F1 /* TableContentViewCell.m */,
				656878411C313435003684F1 /* TableContentViewCell.xib */,
				656878381C2FB0C3003684F1 /* TableSeparatorViewCell.h */,
				656878391C2FB0C3003684F1 /* TableSeparatorViewCell.m */,
				656878431C3135A5003684F1 /* TableSeparatorViewCell.xib */,
				65880E871C4104B40048C1CC /* HeaderView.h */,
				65880E881C4104B40048C1CC /* HeaderView.m */,
			);
			path = View;
			sourceTree = "<group>";
		};
		6568786F1C39477C003684F1 /* Tool */ = {
			isa = PBXGroup;
			children = (
				656878701C394799003684F1 /* StoryModelTool.h */,
				656878711C394799003684F1 /* StoryModelTool.m */,
				656878731C394B33003684F1 /* HttpTool.h */,
				656878741C394B33003684F1 /* HttpTool.m */,
				658EA4561C5F4A6400E4726A /* DataSource.h */,
				658EA4571C5F4A6400E4726A /* DataSource.m */,
			);
			path = Tool;
			sourceTree = "<group>";
		};
		656DB22A1C17F8F900155183 = {
			isa = PBXGroup;
			children = (
				656DB2351C17F8F900155183 /* Zhihu */,
				656DB2341C17F8F900155183 /* Products */,
				1BD832FA8D026B33D36C56DA /* Pods */,
				7308CD03BFDED6EFC7A302ED /* Frameworks */,
			);
			sourceTree = "<group>";
		};
		656DB2341C17F8F900155183 /* Products */ = {
			isa = PBXGroup;
			children = (
				656DB2331C17F8F900155183 /* Zhihu.app */,
			);
			name = Products;
			sourceTree = "<group>";
		};
		656DB2351C17F8F900155183 /* Zhihu */ = {
			isa = PBXGroup;
			children = (
				652596F51C180410006B2A91 /* Classes */,
				656DB23F1C17F8F900155183 /* Main.storyboard */,
				656DB2421C17F8F900155183 /* Assets.xcassets */,
				656DB2441C17F8F900155183 /* LaunchScreen.storyboard */,
				656DB2471C17F8F900155183 /* Info.plist */,
				656DB2361C17F8F900155183 /* Supporting Files */,
			);
			path = Zhihu;
			sourceTree = "<group>";
		};
		656DB2361C17F8F900155183 /* Supporting Files */ = {
			isa = PBXGroup;
			children = (
				656DB2371C17F8F900155183 /* main.m */,
				651392C31C193A230032FAD1 /* PrefixHeader.pch */,
				65880E8B1C4125400048C1CC /* Constant.h */,
			);
			name = "Supporting Files";
			sourceTree = "<group>";
		};
		7308CD03BFDED6EFC7A302ED /* Frameworks */ = {
			isa = PBXGroup;
			children = (
				5F072E6936C5541AFF862D10 /* libPods.a */,
			);
			name = Frameworks;
			sourceTree = "<group>";
		};
/* End PBXGroup section */

/* Begin PBXNativeTarget section */
		656DB2321C17F8F900155183 /* Zhihu */ = {
			isa = PBXNativeTarget;
			buildConfigurationList = 656DB24A1C17F8F900155183 /* Build configuration list for PBXNativeTarget "Zhihu" */;
			buildPhases = (
				24096C8437D7D74AE821C6E9 /* Check Pods Manifest.lock */,
				656DB22F1C17F8F900155183 /* Sources */,
				656DB2301C17F8F900155183 /* Frameworks */,
				656DB2311C17F8F900155183 /* Resources */,
				8A9336ABE81C238FEEB2156D /* Embed Pods Frameworks */,
				40A06E06156F79233F8DC115 /* Copy Pods Resources */,
			);
			buildRules = (
			);
			dependencies = (
			);
			name = Zhihu;
			productName = Zhihu;
			productReference = 656DB2331C17F8F900155183 /* Zhihu.app */;
			productType = "com.apple.product-type.application";
		};
/* End PBXNativeTarget section */

/* Begin PBXProject section */
		656DB22B1C17F8F900155183 /* Project object */ = {
			isa = PBXProject;
			attributes = {
				LastUpgradeCheck = 0710;
				ORGANIZATIONNAME = Fay;
				TargetAttributes = {
					656DB2321C17F8F900155183 = {
						CreatedOnToolsVersion = 7.1;
						DevelopmentTeam = NRZG3Z79NX;
					};
				};
			};
			buildConfigurationList = 656DB22E1C17F8F900155183 /* Build configuration list for PBXProject "Zhihu" */;
			compatibilityVersion = "Xcode 3.2";
			developmentRegion = English;
			hasScannedForEncodings = 0;
			knownRegions = (
				en,
				Base,
			);
			mainGroup = 656DB22A1C17F8F900155183;
			productRefGroup = 656DB2341C17F8F900155183 /* Products */;
			projectDirPath = "";
			projectRoot = "";
			targets = (
				656DB2321C17F8F900155183 /* Zhihu */,
			);
		};
/* End PBXProject section */

/* Begin PBXResourcesBuildPhase section */
		656DB2311C17F8F900155183 /* Resources */ = {
			isa = PBXResourcesBuildPhase;
			buildActionMask = 2147483647;
			files = (
				656DB2461C17F8F900155183 /* LaunchScreen.storyboard in Resources */,
				651392E31C1AF0C30032FAD1 /* ItemsView.xib in Resources */,
				656DB2431C17F8F900155183 /* Assets.xcassets in Resources */,
				656DB2411C17F8F900155183 /* Main.storyboard in Resources */,
				656878421C313435003684F1 /* TableContentViewCell.xib in Resources */,
				656878441C3135A5003684F1 /* TableSeparatorViewCell.xib in Resources */,
			);
			runOnlyForDeploymentPostprocessing = 0;
		};
/* End PBXResourcesBuildPhase section */

/* Begin PBXShellScriptBuildPhase section */
		24096C8437D7D74AE821C6E9 /* Check Pods Manifest.lock */ = {
			isa = PBXShellScriptBuildPhase;
			buildActionMask = 2147483647;
			files = (
			);
			inputPaths = (
			);
			name = "Check Pods Manifest.lock";
			outputPaths = (
			);
			runOnlyForDeploymentPostprocessing = 0;
			shellPath = /bin/sh;
			shellScript = "diff \"${PODS_ROOT}/../Podfile.lock\" \"${PODS_ROOT}/Manifest.lock\" > /dev/null\nif [[ $? != 0 ]] ; then\n    cat << EOM\nerror: The sandbox is not in sync with the Podfile.lock. Run 'pod install' or update your CocoaPods installation.\nEOM\n    exit 1\nfi\n";
			showEnvVarsInLog = 0;
		};
		40A06E06156F79233F8DC115 /* Copy Pods Resources */ = {
			isa = PBXShellScriptBuildPhase;
			buildActionMask = 2147483647;
			files = (
			);
			inputPaths = (
			);
			name = "Copy Pods Resources";
			outputPaths = (
			);
			runOnlyForDeploymentPostprocessing = 0;
			shellPath = /bin/sh;
			shellScript = "\"${SRCROOT}/Pods/Target Support Files/Pods/Pods-resources.sh\"\n";
			showEnvVarsInLog = 0;
		};
		8A9336ABE81C238FEEB2156D /* Embed Pods Frameworks */ = {
			isa = PBXShellScriptBuildPhase;
			buildActionMask = 2147483647;
			files = (
			);
			inputPaths = (
			);
			name = "Embed Pods Frameworks";
			outputPaths = (
			);
			runOnlyForDeploymentPostprocessing = 0;
			shellPath = /bin/sh;
			shellScript = "\"${SRCROOT}/Pods/Target Support Files/Pods/Pods-frameworks.sh\"\n";
			showEnvVarsInLog = 0;
		};
/* End PBXShellScriptBuildPhase section */

/* Begin PBXSourcesBuildPhase section */
		656DB22F1C17F8F900155183 /* Sources */ = {
			isa = PBXSourcesBuildPhase;
			buildActionMask = 2147483647;
			files = (
				656878781C394E78003684F1 /* SectionModel.m in Sources */,
				65880E891C4104B40048C1CC /* HeaderView.m in Sources */,
				651392D61C1AA4FE0032FAD1 /* ParallaxHeaderView.m in Sources */,
				651392CF1C1965750032FAD1 /* SideMenuViewController.m in Sources */,
				651392DC1C1AA5660032FAD1 /* UIImage+ImageEffects.m in Sources */,
				656DB23B1C17F8F900155183 /* AppDelegate.m in Sources */,
				6525970F1C18167D006B2A91 /* MainViewController.m in Sources */,
				651392C71C1941740032FAD1 /* GradientView.m in Sources */,
				6525970A1C180724006B2A91 /* LanuchViewController.m in Sources */,
				651392C21C19399F0032FAD1 /* UIView+Extension.m in Sources */,
				651392CB1C1964A30032FAD1 /* SWRevealViewController.m in Sources */,
				6568782B1C2AB5BC003684F1 /* TopStoriesModel.m in Sources */,
				656878721C394799003684F1 /* StoryModelTool.m in Sources */,
				6568783A1C2FB0C3003684F1 /* TableSeparatorViewCell.m in Sources */,
				652597001C1805CC006B2A91 /* MSWeakTimer.m in Sources */,
				656878401C2FD4E9003684F1 /* NSString+Date.m in Sources */,
				658EA4581C5F4A6400E4726A /* DataSource.m in Sources */,
				656878371C2FAE19003684F1 /* TableContentViewCell.m in Sources */,
				651392D91C1AA52C0032FAD1 /* myUILabel.m in Sources */,
				651392D21C1973D50032FAD1 /* UINavigationBar+Awesome.m in Sources */,
				656878751C394B33003684F1 /* HttpTool.m in Sources */,
				6568786B1C392566003684F1 /* PageViewController.m in Sources */,
				6568782E1C2F9749003684F1 /* StoriesModel.m in Sources */,
				652597041C1805F7006B2A91 /* JSAnimatedImagesView.m in Sources */,
				651392E11C1AF0A10032FAD1 /* ItemsView.m in Sources */,
				656DB2381C17F8F900155183 /* main.m in Sources */,
			);
			runOnlyForDeploymentPostprocessing = 0;
		};
/* End PBXSourcesBuildPhase section */

/* Begin PBXVariantGroup section */
		656DB23F1C17F8F900155183 /* Main.storyboard */ = {
			isa = PBXVariantGroup;
			children = (
				656DB2401C17F8F900155183 /* Base */,
			);
			name = Main.storyboard;
			sourceTree = "<group>";
		};
		656DB2441C17F8F900155183 /* LaunchScreen.storyboard */ = {
			isa = PBXVariantGroup;
			children = (
				656DB2451C17F8F900155183 /* Base */,
			);
			name = LaunchScreen.storyboard;
			sourceTree = "<group>";
		};
/* End PBXVariantGroup section */

/* Begin XCBuildConfiguration section */
		656DB2481C17F8F900155183 /* Debug */ = {
			isa = XCBuildConfiguration;
			buildSettings = {
				ALWAYS_SEARCH_USER_PATHS = NO;
				CLANG_CXX_LANGUAGE_STANDARD = "gnu++0x";
				CLANG_CXX_LIBRARY = "libc++";
				CLANG_ENABLE_MODULES = YES;
				CLANG_ENABLE_OBJC_ARC = YES;
				CLANG_WARN_BOOL_CONVERSION = YES;
				CLANG_WARN_CONSTANT_CONVERSION = YES;
				CLANG_WARN_DIRECT_OBJC_ISA_USAGE = YES_ERROR;
				CLANG_WARN_EMPTY_BODY = YES;
				CLANG_WARN_ENUM_CONVERSION = YES;
				CLANG_WARN_INT_CONVERSION = YES;
				CLANG_WARN_OBJC_ROOT_CLASS = YES_ERROR;
				CLANG_WARN_UNREACHABLE_CODE = YES;
				CLANG_WARN__DUPLICATE_METHOD_MATCH = YES;
				"CODE_SIGN_IDENTITY[sdk=iphoneos*]" = "iPhone Developer";
				COPY_PHASE_STRIP = NO;
				DEBUG_INFORMATION_FORMAT = dwarf;
				ENABLE_STRICT_OBJC_MSGSEND = YES;
				ENABLE_TESTABILITY = YES;
				GCC_C_LANGUAGE_STANDARD = gnu99;
				GCC_DYNAMIC_NO_PIC = NO;
				GCC_NO_COMMON_BLOCKS = YES;
				GCC_OPTIMIZATION_LEVEL = 0;
				GCC_PREPROCESSOR_DEFINITIONS = (
					"DEBUG=1",
					"$(inherited)",
				);
				GCC_WARN_64_TO_32_BIT_CONVERSION = YES;
				GCC_WARN_ABOUT_RETURN_TYPE = YES_ERROR;
				GCC_WARN_UNDECLARED_SELECTOR = YES;
				GCC_WARN_UNINITIALIZED_AUTOS = YES_AGGRESSIVE;
				GCC_WARN_UNUSED_FUNCTION = YES;
				GCC_WARN_UNUSED_VARIABLE = YES;
				IPHONEOS_DEPLOYMENT_TARGET = 9.1;
				MTL_ENABLE_DEBUG_INFO = YES;
				ONLY_ACTIVE_ARCH = YES;
				SDKROOT = iphoneos;
			};
			name = Debug;
		};
		656DB2491C17F8F900155183 /* Release */ = {
			isa = XCBuildConfiguration;
			buildSettings = {
				ALWAYS_SEARCH_USER_PATHS = NO;
				CLANG_CXX_LANGUAGE_STANDARD = "gnu++0x";
				CLANG_CXX_LIBRARY = "libc++";
				CLANG_ENABLE_MODULES = YES;
				CLANG_ENABLE_OBJC_ARC = YES;
				CLANG_WARN_BOOL_CONVERSION = YES;
				CLANG_WARN_CONSTANT_CONVERSION = YES;
				CLANG_WARN_DIRECT_OBJC_ISA_USAGE = YES_ERROR;
				CLANG_WARN_EMPTY_BODY = YES;
				CLANG_WARN_ENUM_CONVERSION = YES;
				CLANG_WARN_INT_CONVERSION = YES;
				CLANG_WARN_OBJC_ROOT_CLASS = YES_ERROR;
				CLANG_WARN_UNREACHABLE_CODE = YES;
				CLANG_WARN__DUPLICATE_METHOD_MATCH = YES;
				"CODE_SIGN_IDENTITY[sdk=iphoneos*]" = "iPhone Developer";
				COPY_PHASE_STRIP = NO;
				DEBUG_INFORMATION_FORMAT = "dwarf-with-dsym";
				ENABLE_NS_ASSERTIONS = NO;
				ENABLE_STRICT_OBJC_MSGSEND = YES;
				GCC_C_LANGUAGE_STANDARD = gnu99;
				GCC_NO_COMMON_BLOCKS = YES;
				GCC_WARN_64_TO_32_BIT_CONVERSION = YES;
				GCC_WARN_ABOUT_RETURN_TYPE = YES_ERROR;
				GCC_WARN_UNDECLARED_SELECTOR = YES;
				GCC_WARN_UNINITIALIZED_AUTOS = YES_AGGRESSIVE;
				GCC_WARN_UNUSED_FUNCTION = YES;
				GCC_WARN_UNUSED_VARIABLE = YES;
				IPHONEOS_DEPLOYMENT_TARGET = 9.1;
				MTL_ENABLE_DEBUG_INFO = NO;
				SDKROOT = iphoneos;
				VALIDATE_PRODUCT = YES;
			};
			name = Release;
		};
		656DB24B1C17F8F900155183 /* Debug */ = {
			isa = XCBuildConfiguration;
			baseConfigurationReference = 0F9ED29E0116517909E46F6C /* Pods.debug.xcconfig */;
			buildSettings = {
				ASSETCATALOG_COMPILER_APPICON_NAME = AppIcon;
				CLANG_ENABLE_MODULES = YES;
				GCC_PREFIX_HEADER = "$(SRCROOT)/Zhihu/PrefixHeader.pch";
				INFOPLIST_FILE = Zhihu/Info.plist;
				IPHONEOS_DEPLOYMENT_TARGET = 8.3;
				LD_RUNPATH_SEARCH_PATHS = "$(inherited) @executable_path/Frameworks";
				PRODUCT_BUNDLE_IDENTIFIER = com.fay.Zhihu;
				PRODUCT_NAME = "$(TARGET_NAME)";
				SWIFT_OPTIMIZATION_LEVEL = "-Onone";
			};
			name = Debug;
		};
		656DB24C1C17F8F900155183 /* Release */ = {
			isa = XCBuildConfiguration;
			baseConfigurationReference = 0F8283F5937A732919D95E7F /* Pods.release.xcconfig */;
			buildSettings = {
				ASSETCATALOG_COMPILER_APPICON_NAME = AppIcon;
				CLANG_ENABLE_MODULES = YES;
				GCC_PREFIX_HEADER = "$(SRCROOT)/Zhihu/PrefixHeader.pch";
				INFOPLIST_FILE = Zhihu/Info.plist;
				IPHONEOS_DEPLOYMENT_TARGET = 8.3;
				LD_RUNPATH_SEARCH_PATHS = "$(inherited) @executable_path/Frameworks";
				PRODUCT_BUNDLE_IDENTIFIER = com.fay.Zhihu;
				PRODUCT_NAME = "$(TARGET_NAME)";
			};
			name = Release;
		};
/* End XCBuildConfiguration section */

/* Begin XCConfigurationList section */
		656DB22E1C17F8F900155183 /* Build configuration list for PBXProject "Zhihu" */ = {
			isa = XCConfigurationList;
			buildConfigurations = (
				656DB2481C17F8F900155183 /* Debug */,
				656DB2491C17F8F900155183 /* Release */,
			);
			defaultConfigurationIsVisible = 0;
			defaultConfigurationName = Release;
		};
		656DB24A1C17F8F900155183 /* Build configuration list for PBXNativeTarget "Zhihu" */ = {
			isa = XCConfigurationList;
			buildConfigurations = (
				656DB24B1C17F8F900155183 /* Debug */,
				656DB24C1C17F8F900155183 /* Release */,
			);
			defaultConfigurationIsVisible = 0;
			defaultConfigurationName = Release;
		};
/* End XCConfigurationList section */
	};
	rootObject = 656DB22B1C17F8F900155183 /* Project object */;
}
